// !$*UTF8*$!
{
	archiveVersion = 1;
	classes = {
	};
	objectVersion = 45;
	objects = {

/* Begin PBXBuildFile section */
		1DDD582D0DA1D0D100B32029 /* MainMenu.xib in Resources */ = {isa = PBXBuildFile; fileRef = 1DDD582A0DA1D0D100B32029 /* MainMenu.xib */; };
		613ABCBB0DEC1414009CC02E /* NodeInfoWrapper.mm in Sources */ = {isa = PBXBuildFile; fileRef = 613ABCBA0DEC1414009CC02E /* NodeInfoWrapper.mm */; };
		613ABF240DEC59F0009CC02E /* corevector.nbl in Copy CoreVector */ = {isa = PBXBuildFile; fileRef = 613ABF210DEC59E0009CC02E /* corevector.nbl */; };
		613ABFD80DEC7F96009CC02E /* CanvasView.mm in Sources */ = {isa = PBXBuildFile; fileRef = 613ABFD70DEC7F96009CC02E /* CanvasView.mm */; };
		6155FC660DD9BEBB00708CBC /* LibraryPanel.xib in Resources */ = {isa = PBXBuildFile; fileRef = 6155FC640DD9BEBB00708CBC /* LibraryPanel.xib */; };
		6155FC690DD9BED800708CBC /* NodeBoxAppDelegate.mm in Sources */ = {isa = PBXBuildFile; fileRef = 6155FC680DD9BED800708CBC /* NodeBoxAppDelegate.mm */; };
		6155FC6C0DD9BF6400708CBC /* LibraryPanelController.mm in Sources */ = {isa = PBXBuildFile; fileRef = 6155FC6B0DD9BF6400708CBC /* LibraryPanelController.mm */; };
		6155FD040DD9D84900708CBC /* LibraryNodeItem.mm in Sources */ = {isa = PBXBuildFile; fileRef = 6155FD030DD9D84900708CBC /* LibraryNodeItem.mm */; };
		6155FD070DD9D87100708CBC /* LibraryNodeView.mm in Sources */ = {isa = PBXBuildFile; fileRef = 6155FD060DD9D87100708CBC /* LibraryNodeView.mm */; };
		618A9EA30DD348240098409B /* NodeBoxWindowController.mm in Sources */ = {isa = PBXBuildFile; fileRef = 618A9EA20DD348240098409B /* NodeBoxWindowController.mm */; };
		618FA2F00DED84F8006F4B48 /* ValueLadderCell.mm in Sources */ = {isa = PBXBuildFile; fileRef = 618FA2EF0DED84F8006F4B48 /* ValueLadderCell.mm */; };
		61936BEE0DC867AC0034D23C /* NodeBoxDocument.xib in Resources */ = {isa = PBXBuildFile; fileRef = 61936BEC0DC867AC0034D23C /* NodeBoxDocument.xib */; };
		61936BF10DC867FC0034D23C /* NodeBoxDocument.mm in Sources */ = {isa = PBXBuildFile; fileRef = 61936BEF0DC867FC0034D23C /* NodeBoxDocument.mm */; };
		6195A6080DF44A7500C752AD /* FieldWrapper.mm in Sources */ = {isa = PBXBuildFile; fileRef = 6195A6070DF44A7500C752AD /* FieldWrapper.mm */; };
		619CC13E0DDC8F7C00A69DA2 /* CanvasView.xib in Resources */ = {isa = PBXBuildFile; fileRef = 619CC1360DDC8F7C00A69DA2 /* CanvasView.xib */; };
		619CC13F0DDC8F7C00A69DA2 /* NetworkView.xib in Resources */ = {isa = PBXBuildFile; fileRef = 619CC1380DDC8F7C00A69DA2 /* NetworkView.xib */; };
		619CC1400DDC8F7C00A69DA2 /* ViewPane.xib in Resources */ = {isa = PBXBuildFile; fileRef = 619CC13A0DDC8F7C00A69DA2 /* ViewPane.xib */; };
		619CC1410DDC8F7C00A69DA2 /* ParameterView.xib in Resources */ = {isa = PBXBuildFile; fileRef = 619CC13C0DDC8F7C00A69DA2 /* ParameterView.xib */; };
		619CC1610DDC8FB700A69DA2 /* CanvasViewController.mm in Sources */ = {isa = PBXBuildFile; fileRef = 619CC1430DDC8FB700A69DA2 /* CanvasViewController.mm */; };
		619CC16B0DDC8FB700A69DA2 /* GradientBar.mm in Sources */ = {isa = PBXBuildFile; fileRef = 619CC1580DDC8FB700A69DA2 /* GradientBar.mm */; };
		619CC16C0DDC8FB700A69DA2 /* NetworkViewController.mm in Sources */ = {isa = PBXBuildFile; fileRef = 619CC15A0DDC8FB700A69DA2 /* NetworkViewController.mm */; };
		619CC16D0DDC8FB700A69DA2 /* ViewPaneController.mm in Sources */ = {isa = PBXBuildFile; fileRef = 619CC15C0DDC8FB700A69DA2 /* ViewPaneController.mm */; };
		619CC16E0DDC8FB700A69DA2 /* ParameterViewController.mm in Sources */ = {isa = PBXBuildFile; fileRef = 619CC15E0DDC8FB700A69DA2 /* ParameterViewController.mm */; };
		619CC16F0DDC8FB700A69DA2 /* ViewController.mm in Sources */ = {isa = PBXBuildFile; fileRef = 619CC1600DDC8FB700A69DA2 /* ViewController.mm */; };
		61B0EB800DEED11700F09919 /* NetworkView.mm in Sources */ = {isa = PBXBuildFile; fileRef = 61B0EB7F0DEED11700F09919 /* NetworkView.mm */; };
		61B0EB8C0DEED15F00F09919 /* QuartzCore.framework in Frameworks */ = {isa = PBXBuildFile; fileRef = 61B0EB8B0DEED15F00F09919 /* QuartzCore.framework */; };
		61B0EB970DEED21C00F09919 /* CGColorHelper.mm in Sources */ = {isa = PBXBuildFile; fileRef = 61B0EB960DEED21C00F09919 /* CGColorHelper.mm */; };
		61B0EE990DEF13F700F09919 /* NodeLayer.mm in Sources */ = {isa = PBXBuildFile; fileRef = 61B0EE980DEF13F700F09919 /* NodeLayer.mm */; };
		61C16CC20DCF4D0A000CC18E /* NetworkVisualiser.cpp in Sources */ = {isa = PBXBuildFile; fileRef = 61C16CC10DCF4D0A000CC18E /* NetworkVisualiser.cpp */; };
		61DD33A20DF01357005431C0 /* NetworkLayer.mm in Sources */ = {isa = PBXBuildFile; fileRef = 61DD33A10DF01357005431C0 /* NetworkLayer.mm */; };
		61FA1A440DCF31CE0056A7C6 /* NodeCore.framework in Frameworks */ = {isa = PBXBuildFile; fileRef = 61FA1A430DCF31CE0056A7C6 /* NodeCore.framework */; };
		61FA1A520DCF325A0056A7C6 /* NodeCore.framework in Copy Frameworks */ = {isa = PBXBuildFile; fileRef = 61FA1A430DCF31CE0056A7C6 /* NodeCore.framework */; };
		8D15AC2C0486D014006FF6A4 /* Credits.rtf in Resources */ = {isa = PBXBuildFile; fileRef = 2A37F4B9FDCFA73011CA2CEA /* Credits.rtf */; };
		8D15AC2F0486D014006FF6A4 /* InfoPlist.strings in Resources */ = {isa = PBXBuildFile; fileRef = 089C165FFE840EACC02AAC07 /* InfoPlist.strings */; };
		8D15AC320486D014006FF6A4 /* main.m in Sources */ = {isa = PBXBuildFile; fileRef = 2A37F4B0FDCFA73011CA2CEA /* main.m */; settings = {ATTRIBUTES = (); }; };
		8D15AC340486D014006FF6A4 /* Cocoa.framework in Frameworks */ = {isa = PBXBuildFile; fileRef = 1058C7A7FEA54F5311CA2CBB /* Cocoa.framework */; };
/* End PBXBuildFile section */

/* Begin PBXCopyFilesBuildPhase section */
		61A4C37F0DE72BFA00B49E3C /* Copy CoreVector */ = {
			isa = PBXCopyFilesBuildPhase;
			buildActionMask = 2147483647;
			dstPath = "corevector-1.0.0";
			dstSubfolderSpec = 13;
			files = (
				613ABF240DEC59F0009CC02E /* corevector.nbl in Copy CoreVector */,
			);
			name = "Copy CoreVector";
			runOnlyForDeploymentPostprocessing = 0;
		};
		61FA1A800DCF32B60056A7C6 /* Copy Frameworks */ = {
			isa = PBXCopyFilesBuildPhase;
			buildActionMask = 2147483647;
			dstPath = "";
			dstSubfolderSpec = 10;
			files = (
				61FA1A520DCF325A0056A7C6 /* NodeCore.framework in Copy Frameworks */,
			);
			name = "Copy Frameworks";
			runOnlyForDeploymentPostprocessing = 0;
		};
/* End PBXCopyFilesBuildPhase section */

/* Begin PBXFileReference section */
		089C1660FE840EACC02AAC07 /* English */ = {isa = PBXFileReference; fileEncoding = 10; lastKnownFileType = text.plist.strings; name = English; path = English.lproj/InfoPlist.strings; sourceTree = "<group>"; };
		1058C7A7FEA54F5311CA2CBB /* Cocoa.framework */ = {isa = PBXFileReference; lastKnownFileType = wrapper.framework; name = Cocoa.framework; path = /System/Library/Frameworks/Cocoa.framework; sourceTree = "<absolute>"; };
		13E42FBA07B3F13500E4EEF1 /* CoreData.framework */ = {isa = PBXFileReference; lastKnownFileType = wrapper.framework; name = CoreData.framework; path = /System/Library/Frameworks/CoreData.framework; sourceTree = "<absolute>"; };
		1DDD582B0DA1D0D100B32029 /* English */ = {isa = PBXFileReference; lastKnownFileType = file.xib; name = English; path = English.lproj/MainMenu.xib; sourceTree = "<group>"; };
		2A37F4B0FDCFA73011CA2CEA /* main.m */ = {isa = PBXFileReference; fileEncoding = 4; lastKnownFileType = sourcecode.c.objc; path = main.m; sourceTree = "<group>"; };
		2A37F4BAFDCFA73011CA2CEA /* English */ = {isa = PBXFileReference; lastKnownFileType = text.rtf; name = English; path = English.lproj/Credits.rtf; sourceTree = "<group>"; };
		2A37F4C4FDCFA73011CA2CEA /* AppKit.framework */ = {isa = PBXFileReference; lastKnownFileType = wrapper.framework; name = AppKit.framework; path = /System/Library/Frameworks/AppKit.framework; sourceTree = "<absolute>"; };
		2A37F4C5FDCFA73011CA2CEA /* Foundation.framework */ = {isa = PBXFileReference; lastKnownFileType = wrapper.framework; name = Foundation.framework; path = /System/Library/Frameworks/Foundation.framework; sourceTree = "<absolute>"; };
		32DBCF750370BD2300C91783 /* NodeBox_Prefix.pch */ = {isa = PBXFileReference; fileEncoding = 4; lastKnownFileType = sourcecode.c.h; path = NodeBox_Prefix.pch; sourceTree = "<group>"; };
		613ABCB90DEC1414009CC02E /* NodeInfoWrapper.h */ = {isa = PBXFileReference; fileEncoding = 4; lastKnownFileType = sourcecode.c.h; path = NodeInfoWrapper.h; sourceTree = "<group>"; };
		613ABCBA0DEC1414009CC02E /* NodeInfoWrapper.mm */ = {isa = PBXFileReference; fileEncoding = 4; lastKnownFileType = sourcecode.cpp.objcpp; path = NodeInfoWrapper.mm; sourceTree = "<group>"; };
		613ABF210DEC59E0009CC02E /* corevector.nbl */ = {isa = PBXFileReference; lastKnownFileType = "compiled.mach-o.dylib"; name = corevector.nbl; path = "../CoreVector/build/Debug/plugins/corevector-1.0.0/corevector.nbl"; sourceTree = SOURCE_ROOT; };
		613ABFD60DEC7F96009CC02E /* CanvasView.h */ = {isa = PBXFileReference; fileEncoding = 4; lastKnownFileType = sourcecode.c.h; path = CanvasView.h; sourceTree = "<group>"; };
		613ABFD70DEC7F96009CC02E /* CanvasView.mm */ = {isa = PBXFileReference; fileEncoding = 4; lastKnownFileType = sourcecode.cpp.objcpp; path = CanvasView.mm; sourceTree = "<group>"; };
		6155FC650DD9BEBB00708CBC /* English */ = {isa = PBXFileReference; lastKnownFileType = file.xib; name = English; path = English.lproj/LibraryPanel.xib; sourceTree = "<group>"; };
		6155FC670DD9BED800708CBC /* NodeBoxAppDelegate.h */ = {isa = PBXFileReference; fileEncoding = 4; lastKnownFileType = sourcecode.c.h; path = NodeBoxAppDelegate.h; sourceTree = "<group>"; };
		6155FC680DD9BED800708CBC /* NodeBoxAppDelegate.mm */ = {isa = PBXFileReference; fileEncoding = 4; lastKnownFileType = sourcecode.cpp.objcpp; path = NodeBoxAppDelegate.mm; sourceTree = "<group>"; };
		6155FC6A0DD9BF6400708CBC /* LibraryPanelController.h */ = {isa = PBXFileReference; fileEncoding = 4; lastKnownFileType = sourcecode.c.h; path = LibraryPanelController.h; sourceTree = "<group>"; };
		6155FC6B0DD9BF6400708CBC /* LibraryPanelController.mm */ = {isa = PBXFileReference; fileEncoding = 4; lastKnownFileType = sourcecode.cpp.objcpp; path = LibraryPanelController.mm; sourceTree = "<group>"; };
		6155FD020DD9D84900708CBC /* LibraryNodeItem.h */ = {isa = PBXFileReference; fileEncoding = 4; lastKnownFileType = sourcecode.c.h; path = LibraryNodeItem.h; sourceTree = "<group>"; };
		6155FD030DD9D84900708CBC /* LibraryNodeItem.mm */ = {isa = PBXFileReference; fileEncoding = 4; lastKnownFileType = sourcecode.cpp.objcpp; path = LibraryNodeItem.mm; sourceTree = "<group>"; };
		6155FD050DD9D87100708CBC /* LibraryNodeView.h */ = {isa = PBXFileReference; fileEncoding = 4; lastKnownFileType = sourcecode.c.h; path = LibraryNodeView.h; sourceTree = "<group>"; };
		6155FD060DD9D87100708CBC /* LibraryNodeView.mm */ = {isa = PBXFileReference; fileEncoding = 4; lastKnownFileType = sourcecode.cpp.objcpp; path = LibraryNodeView.mm; sourceTree = "<group>"; };
		618A9EA10DD348240098409B /* NodeBoxWindowController.h */ = {isa = PBXFileReference; fileEncoding = 4; lastKnownFileType = sourcecode.c.h; path = NodeBoxWindowController.h; sourceTree = "<group>"; };
		618A9EA20DD348240098409B /* NodeBoxWindowController.mm */ = {isa = PBXFileReference; fileEncoding = 4; lastKnownFileType = sourcecode.cpp.objcpp; path = NodeBoxWindowController.mm; sourceTree = "<group>"; };
		618FA2EE0DED84F8006F4B48 /* ValueLadderCell.h */ = {isa = PBXFileReference; fileEncoding = 4; lastKnownFileType = sourcecode.c.h; path = ValueLadderCell.h; sourceTree = "<group>"; };
		618FA2EF0DED84F8006F4B48 /* ValueLadderCell.mm */ = {isa = PBXFileReference; fileEncoding = 4; lastKnownFileType = sourcecode.cpp.objcpp; path = ValueLadderCell.mm; sourceTree = "<group>"; };
		61936BED0DC867AC0034D23C /* English */ = {isa = PBXFileReference; lastKnownFileType = file.xib; name = English; path = English.lproj/NodeBoxDocument.xib; sourceTree = "<group>"; };
		61936BEF0DC867FC0034D23C /* NodeBoxDocument.mm */ = {isa = PBXFileReference; fileEncoding = 4; lastKnownFileType = sourcecode.cpp.objcpp; path = NodeBoxDocument.mm; sourceTree = "<group>"; };
		61936BF00DC867FC0034D23C /* NodeBoxDocument.h */ = {isa = PBXFileReference; fileEncoding = 4; lastKnownFileType = sourcecode.c.h; path = NodeBoxDocument.h; sourceTree = "<group>"; };
		6195A6060DF44A7500C752AD /* FieldWrapper.h */ = {isa = PBXFileReference; fileEncoding = 4; lastKnownFileType = sourcecode.c.h; path = FieldWrapper.h; sourceTree = "<group>"; };
		6195A6070DF44A7500C752AD /* FieldWrapper.mm */ = {isa = PBXFileReference; fileEncoding = 4; lastKnownFileType = sourcecode.cpp.objcpp; path = FieldWrapper.mm; sourceTree = "<group>"; };
		619CC1370DDC8F7C00A69DA2 /* English */ = {isa = PBXFileReference; lastKnownFileType = file.xib; name = English; path = English.lproj/CanvasView.xib; sourceTree = "<group>"; };
		619CC1390DDC8F7C00A69DA2 /* English */ = {isa = PBXFileReference; lastKnownFileType = file.xib; name = English; path = English.lproj/NetworkView.xib; sourceTree = "<group>"; };
		619CC13B0DDC8F7C00A69DA2 /* English */ = {isa = PBXFileReference; lastKnownFileType = file.xib; name = English; path = English.lproj/ViewPane.xib; sourceTree = "<group>"; };
		619CC13D0DDC8F7C00A69DA2 /* English */ = {isa = PBXFileReference; lastKnownFileType = file.xib; name = English; path = English.lproj/ParameterView.xib; sourceTree = "<group>"; };
		619CC1420DDC8FB700A69DA2 /* CanvasViewController.h */ = {isa = PBXFileReference; fileEncoding = 4; lastKnownFileType = sourcecode.c.h; path = CanvasViewController.h; sourceTree = "<group>"; };
		619CC1430DDC8FB700A69DA2 /* CanvasViewController.mm */ = {isa = PBXFileReference; fileEncoding = 4; lastKnownFileType = sourcecode.cpp.objcpp; path = CanvasViewController.mm; sourceTree = "<group>"; };
		619CC1570DDC8FB700A69DA2 /* GradientBar.h */ = {isa = PBXFileReference; fileEncoding = 4; lastKnownFileType = sourcecode.c.h; path = GradientBar.h; sourceTree = "<group>"; };
		619CC1580DDC8FB700A69DA2 /* GradientBar.mm */ = {isa = PBXFileReference; fileEncoding = 4; lastKnownFileType = sourcecode.cpp.objcpp; path = GradientBar.mm; sourceTree = "<group>"; };
		619CC1590DDC8FB700A69DA2 /* NetworkViewController.h */ = {isa = PBXFileReference; fileEncoding = 4; lastKnownFileType = sourcecode.c.h; path = NetworkViewController.h; sourceTree = "<group>"; };
		619CC15A0DDC8FB700A69DA2 /* NetworkViewController.mm */ = {isa = PBXFileReference; fileEncoding = 4; lastKnownFileType = sourcecode.cpp.objcpp; path = NetworkViewController.mm; sourceTree = "<group>"; };
		619CC15B0DDC8FB700A69DA2 /* ViewPaneController.h */ = {isa = PBXFileReference; fileEncoding = 4; lastKnownFileType = sourcecode.c.h; path = ViewPaneController.h; sourceTree = "<group>"; };
		619CC15C0DDC8FB700A69DA2 /* ViewPaneController.mm */ = {isa = PBXFileReference; fileEncoding = 4; lastKnownFileType = sourcecode.cpp.objcpp; path = ViewPaneController.mm; sourceTree = "<group>"; };
		619CC15D0DDC8FB700A69DA2 /* ParameterViewController.h */ = {isa = PBXFileReference; fileEncoding = 4; lastKnownFileType = sourcecode.c.h; path = ParameterViewController.h; sourceTree = "<group>"; };
		619CC15E0DDC8FB700A69DA2 /* ParameterViewController.mm */ = {isa = PBXFileReference; fileEncoding = 4; lastKnownFileType = sourcecode.cpp.objcpp; path = ParameterViewController.mm; sourceTree = "<group>"; };
		619CC15F0DDC8FB700A69DA2 /* ViewController.h */ = {isa = PBXFileReference; fileEncoding = 4; lastKnownFileType = sourcecode.c.h; path = ViewController.h; sourceTree = "<group>"; };
		619CC1600DDC8FB700A69DA2 /* ViewController.mm */ = {isa = PBXFileReference; fileEncoding = 4; lastKnownFileType = sourcecode.cpp.objcpp; path = ViewController.mm; sourceTree = "<group>"; };
		61B0EB7E0DEED11700F09919 /* NetworkView.h */ = {isa = PBXFileReference; fileEncoding = 4; lastKnownFileType = sourcecode.c.h; path = NetworkView.h; sourceTree = "<group>"; };
		61B0EB7F0DEED11700F09919 /* NetworkView.mm */ = {isa = PBXFileReference; fileEncoding = 4; lastKnownFileType = sourcecode.cpp.objcpp; path = NetworkView.mm; sourceTree = "<group>"; };
		61B0EB8B0DEED15F00F09919 /* QuartzCore.framework */ = {isa = PBXFileReference; lastKnownFileType = wrapper.framework; name = QuartzCore.framework; path = /System/Library/Frameworks/QuartzCore.framework; sourceTree = "<absolute>"; };
		61B0EB950DEED21C00F09919 /* CGColorHelper.h */ = {isa = PBXFileReference; fileEncoding = 4; lastKnownFileType = sourcecode.c.h; path = CGColorHelper.h; sourceTree = "<group>"; };
		61B0EB960DEED21C00F09919 /* CGColorHelper.mm */ = {isa = PBXFileReference; fileEncoding = 4; lastKnownFileType = sourcecode.cpp.objcpp; path = CGColorHelper.mm; sourceTree = "<group>"; };
		61B0EE970DEF13F700F09919 /* NodeLayer.h */ = {isa = PBXFileReference; fileEncoding = 4; lastKnownFileType = sourcecode.c.h; path = NodeLayer.h; sourceTree = "<group>"; };
		61B0EE980DEF13F700F09919 /* NodeLayer.mm */ = {isa = PBXFileReference; fileEncoding = 4; lastKnownFileType = sourcecode.cpp.objcpp; path = NodeLayer.mm; sourceTree = "<group>"; };
		61C16CC00DCF4CCB000CC18E /* NetworkVisualiser.h */ = {isa = PBXFileReference; fileEncoding = 4; lastKnownFileType = sourcecode.c.h; path = NetworkVisualiser.h; sourceTree = "<group>"; };
		61C16CC10DCF4D0A000CC18E /* NetworkVisualiser.cpp */ = {isa = PBXFileReference; fileEncoding = 4; lastKnownFileType = sourcecode.cpp.cpp; path = NetworkVisualiser.cpp; sourceTree = "<group>"; };
		61DD33A00DF01357005431C0 /* NetworkLayer.h */ = {isa = PBXFileReference; fileEncoding = 4; lastKnownFileType = sourcecode.c.h; path = NetworkLayer.h; sourceTree = "<group>"; };
		61DD33A10DF01357005431C0 /* NetworkLayer.mm */ = {isa = PBXFileReference; fileEncoding = 4; lastKnownFileType = sourcecode.cpp.objcpp; path = NetworkLayer.mm; sourceTree = "<group>"; };
		61FA1A430DCF31CE0056A7C6 /* NodeCore.framework */ = {isa = PBXFileReference; lastKnownFileType = wrapper.framework; name = NodeCore.framework; path = ../NodeCore/build/Debug/NodeCore.framework; sourceTree = SOURCE_ROOT; };
		8D15AC360486D014006FF6A4 /* Info.plist */ = {isa = PBXFileReference; fileEncoding = 4; lastKnownFileType = text.plist.xml; path = Info.plist; sourceTree = "<group>"; };
		8D15AC370486D014006FF6A4 /* NodeBox.app */ = {isa = PBXFileReference; explicitFileType = wrapper.application; includeInIndex = 0; path = NodeBox.app; sourceTree = BUILT_PRODUCTS_DIR; };
/* End PBXFileReference section */

/* Begin PBXFrameworksBuildPhase section */
		8D15AC330486D014006FF6A4 /* Frameworks */ = {
			isa = PBXFrameworksBuildPhase;
			buildActionMask = 2147483647;
			files = (
				8D15AC340486D014006FF6A4 /* Cocoa.framework in Frameworks */,
				61FA1A440DCF31CE0056A7C6 /* NodeCore.framework in Frameworks */,
				61B0EB8C0DEED15F00F09919 /* QuartzCore.framework in Frameworks */,
			);
			runOnlyForDeploymentPostprocessing = 0;
		};
/* End PBXFrameworksBuildPhase section */

/* Begin PBXGroup section */
		19C28FB0FE9D524F11CA2CBB /* Products */ = {
			isa = PBXGroup;
			children = (
				8D15AC370486D014006FF6A4 /* NodeBox.app */,
			);
			name = Products;
			sourceTree = "<group>";
		};
		2A37F4AAFDCFA73011CA2CEA /* NodeBox */ = {
			isa = PBXGroup;
			children = (
				2A37F4ABFDCFA73011CA2CEA /* Classes */,
				2A37F4AFFDCFA73011CA2CEA /* Other Sources */,
				2A37F4B8FDCFA73011CA2CEA /* Resources */,
				2A37F4C3FDCFA73011CA2CEA /* Frameworks */,
				613ABF230DEC59E5009CC02E /* Plugins */,
				19C28FB0FE9D524F11CA2CBB /* Products */,
			);
			name = NodeBox;
			sourceTree = "<group>";
		};
		2A37F4ABFDCFA73011CA2CEA /* Classes */ = {
			isa = PBXGroup;
			children = (
				619CC1420DDC8FB700A69DA2 /* CanvasViewController.h */,
				619CC1430DDC8FB700A69DA2 /* CanvasViewController.mm */,
				619CC1570DDC8FB700A69DA2 /* GradientBar.h */,
				619CC1580DDC8FB700A69DA2 /* GradientBar.mm */,
				619CC1590DDC8FB700A69DA2 /* NetworkViewController.h */,
				619CC15A0DDC8FB700A69DA2 /* NetworkViewController.mm */,
				619CC15B0DDC8FB700A69DA2 /* ViewPaneController.h */,
				619CC15C0DDC8FB700A69DA2 /* ViewPaneController.mm */,
				619CC15D0DDC8FB700A69DA2 /* ParameterViewController.h */,
				619CC15E0DDC8FB700A69DA2 /* ParameterViewController.mm */,
				619CC15F0DDC8FB700A69DA2 /* ViewController.h */,
				619CC1600DDC8FB700A69DA2 /* ViewController.mm */,
				61936BF00DC867FC0034D23C /* NodeBoxDocument.h */,
				61936BEF0DC867FC0034D23C /* NodeBoxDocument.mm */,
				61C16CC00DCF4CCB000CC18E /* NetworkVisualiser.h */,
				61C16CC10DCF4D0A000CC18E /* NetworkVisualiser.cpp */,
				618A9EA10DD348240098409B /* NodeBoxWindowController.h */,
				618A9EA20DD348240098409B /* NodeBoxWindowController.mm */,
				6155FC670DD9BED800708CBC /* NodeBoxAppDelegate.h */,
				6155FC680DD9BED800708CBC /* NodeBoxAppDelegate.mm */,
				6155FC6A0DD9BF6400708CBC /* LibraryPanelController.h */,
				6155FC6B0DD9BF6400708CBC /* LibraryPanelController.mm */,
				6155FD020DD9D84900708CBC /* LibraryNodeItem.h */,
				6155FD030DD9D84900708CBC /* LibraryNodeItem.mm */,
				6155FD050DD9D87100708CBC /* LibraryNodeView.h */,
				6155FD060DD9D87100708CBC /* LibraryNodeView.mm */,
				613ABCB90DEC1414009CC02E /* NodeInfoWrapper.h */,
				613ABCBA0DEC1414009CC02E /* NodeInfoWrapper.mm */,
				613ABFD60DEC7F96009CC02E /* CanvasView.h */,
				613ABFD70DEC7F96009CC02E /* CanvasView.mm */,
				618FA2EE0DED84F8006F4B48 /* ValueLadderCell.h */,
				618FA2EF0DED84F8006F4B48 /* ValueLadderCell.mm */,
				61B0EB7E0DEED11700F09919 /* NetworkView.h */,
				61B0EB7F0DEED11700F09919 /* NetworkView.mm */,
				61B0EB950DEED21C00F09919 /* CGColorHelper.h */,
				61B0EB960DEED21C00F09919 /* CGColorHelper.mm */,
				61B0EE970DEF13F700F09919 /* NodeLayer.h */,
				61B0EE980DEF13F700F09919 /* NodeLayer.mm */,
				61DD33A00DF01357005431C0 /* NetworkLayer.h */,
				61DD33A10DF01357005431C0 /* NetworkLayer.mm */,
				6195A6060DF44A7500C752AD /* FieldWrapper.h */,
				6195A6070DF44A7500C752AD /* FieldWrapper.mm */,
			);
			name = Classes;
			sourceTree = "<group>";
		};
		2A37F4AFFDCFA73011CA2CEA /* Other Sources */ = {
			isa = PBXGroup;
			children = (
				32DBCF750370BD2300C91783 /* NodeBox_Prefix.pch */,
				2A37F4B0FDCFA73011CA2CEA /* main.m */,
			);
			name = "Other Sources";
			sourceTree = "<group>";
		};
		2A37F4B8FDCFA73011CA2CEA /* Resources */ = {
			isa = PBXGroup;
			children = (
				619CC1360DDC8F7C00A69DA2 /* CanvasView.xib */,
				2A37F4B9FDCFA73011CA2CEA /* Credits.rtf */,
				8D15AC360486D014006FF6A4 /* Info.plist */,
				089C165FFE840EACC02AAC07 /* InfoPlist.strings */,
				6155FC640DD9BEBB00708CBC /* LibraryPanel.xib */,
				1DDD582A0DA1D0D100B32029 /* MainMenu.xib */,
				619CC1380DDC8F7C00A69DA2 /* NetworkView.xib */,
				61936BEC0DC867AC0034D23C /* NodeBoxDocument.xib */,
				619CC13C0DDC8F7C00A69DA2 /* ParameterView.xib */,
				619CC13A0DDC8F7C00A69DA2 /* ViewPane.xib */,
			);
			name = Resources;
			sourceTree = "<group>";
		};
		2A37F4C3FDCFA73011CA2CEA /* Frameworks */ = {
			isa = PBXGroup;
			children = (
				61B0EB8B0DEED15F00F09919 /* QuartzCore.framework */,
				61FA1A430DCF31CE0056A7C6 /* NodeCore.framework */,
				2A37F4C4FDCFA73011CA2CEA /* AppKit.framework */,
				1058C7A7FEA54F5311CA2CBB /* Cocoa.framework */,
				13E42FBA07B3F13500E4EEF1 /* CoreData.framework */,
				2A37F4C5FDCFA73011CA2CEA /* Foundation.framework */,
			);
			name = Frameworks;
			sourceTree = "<group>";
		};
		613ABF230DEC59E5009CC02E /* Plugins */ = {
			isa = PBXGroup;
			children = (
				613ABF210DEC59E0009CC02E /* corevector.nbl */,
			);
			name = Plugins;
			sourceTree = "<group>";
		};
/* End PBXGroup section */

/* Begin PBXNativeTarget section */
		8D15AC270486D014006FF6A4 /* NodeBox */ = {
			isa = PBXNativeTarget;
			buildConfigurationList = C05733C708A9546B00998B17 /* Build configuration list for PBXNativeTarget "NodeBox" */;
			buildPhases = (
				8D15AC2B0486D014006FF6A4 /* Resources */,
				8D15AC300486D014006FF6A4 /* Sources */,
				8D15AC330486D014006FF6A4 /* Frameworks */,
				61FA1A800DCF32B60056A7C6 /* Copy Frameworks */,
				61A4C37F0DE72BFA00B49E3C /* Copy CoreVector */,
			);
			buildRules = (
			);
			dependencies = (
			);
			name = NodeBox;
			productInstallPath = "$(HOME)/Applications";
			productName = NodeBox;
			productReference = 8D15AC370486D014006FF6A4 /* NodeBox.app */;
			productType = "com.apple.product-type.application";
		};
/* End PBXNativeTarget section */

/* Begin PBXProject section */
		2A37F4A9FDCFA73011CA2CEA /* Project object */ = {
			isa = PBXProject;
			buildConfigurationList = C05733CB08A9546B00998B17 /* Build configuration list for PBXProject "NodeBox" */;
			compatibilityVersion = "Xcode 3.1";
			hasScannedForEncodings = 1;
			mainGroup = 2A37F4AAFDCFA73011CA2CEA /* NodeBox */;
			projectDirPath = "";
			projectRoot = "";
			targets = (
				8D15AC270486D014006FF6A4 /* NodeBox */,
			);
		};
/* End PBXProject section */

/* Begin PBXResourcesBuildPhase section */
		8D15AC2B0486D014006FF6A4 /* Resources */ = {
			isa = PBXResourcesBuildPhase;
			buildActionMask = 2147483647;
			files = (
				8D15AC2C0486D014006FF6A4 /* Credits.rtf in Resources */,
				8D15AC2F0486D014006FF6A4 /* InfoPlist.strings in Resources */,
				1DDD582D0DA1D0D100B32029 /* MainMenu.xib in Resources */,
				61936BEE0DC867AC0034D23C /* NodeBoxDocument.xib in Resources */,
				6155FC660DD9BEBB00708CBC /* LibraryPanel.xib in Resources */,
				619CC13E0DDC8F7C00A69DA2 /* CanvasView.xib in Resources */,
				619CC13F0DDC8F7C00A69DA2 /* NetworkView.xib in Resources */,
				619CC1400DDC8F7C00A69DA2 /* ViewPane.xib in Resources */,
				619CC1410DDC8F7C00A69DA2 /* ParameterView.xib in Resources */,
			);
			runOnlyForDeploymentPostprocessing = 0;
		};
/* End PBXResourcesBuildPhase section */

/* Begin PBXSourcesBuildPhase section */
		8D15AC300486D014006FF6A4 /* Sources */ = {
			isa = PBXSourcesBuildPhase;
			buildActionMask = 2147483647;
			files = (
				8D15AC320486D014006FF6A4 /* main.m in Sources */,
				61936BF10DC867FC0034D23C /* NodeBoxDocument.mm in Sources */,
				61C16CC20DCF4D0A000CC18E /* NetworkVisualiser.cpp in Sources */,
				618A9EA30DD348240098409B /* NodeBoxWindowController.mm in Sources */,
				6155FC690DD9BED800708CBC /* NodeBoxAppDelegate.mm in Sources */,
				6155FC6C0DD9BF6400708CBC /* LibraryPanelController.mm in Sources */,
				6155FD040DD9D84900708CBC /* LibraryNodeItem.mm in Sources */,
				6155FD070DD9D87100708CBC /* LibraryNodeView.mm in Sources */,
				619CC1610DDC8FB700A69DA2 /* CanvasViewController.mm in Sources */,
				619CC16B0DDC8FB700A69DA2 /* GradientBar.mm in Sources */,
				619CC16C0DDC8FB700A69DA2 /* NetworkViewController.mm in Sources */,
				619CC16D0DDC8FB700A69DA2 /* ViewPaneController.mm in Sources */,
				619CC16E0DDC8FB700A69DA2 /* ParameterViewController.mm in Sources */,
				619CC16F0DDC8FB700A69DA2 /* ViewController.mm in Sources */,
				613ABCBB0DEC1414009CC02E /* NodeInfoWrapper.mm in Sources */,
				613ABFD80DEC7F96009CC02E /* CanvasView.mm in Sources */,
				618FA2F00DED84F8006F4B48 /* ValueLadderCell.mm in Sources */,
				61B0EB800DEED11700F09919 /* NetworkView.mm in Sources */,
				61B0EB970DEED21C00F09919 /* CGColorHelper.mm in Sources */,
				61B0EE990DEF13F700F09919 /* NodeLayer.mm in Sources */,
				61DD33A20DF01357005431C0 /* NetworkLayer.mm in Sources */,
				6195A6080DF44A7500C752AD /* FieldWrapper.mm in Sources */,
			);
			runOnlyForDeploymentPostprocessing = 0;
		};
/* End PBXSourcesBuildPhase section */

/* Begin PBXVariantGroup section */
		089C165FFE840EACC02AAC07 /* InfoPlist.strings */ = {
			isa = PBXVariantGroup;
			children = (
				089C1660FE840EACC02AAC07 /* English */,
			);
			name = InfoPlist.strings;
			sourceTree = "<group>";
		};
		1DDD582A0DA1D0D100B32029 /* MainMenu.xib */ = {
			isa = PBXVariantGroup;
			children = (
				1DDD582B0DA1D0D100B32029 /* English */,
			);
			name = MainMenu.xib;
			sourceTree = "<group>";
		};
		2A37F4B9FDCFA73011CA2CEA /* Credits.rtf */ = {
			isa = PBXVariantGroup;
			children = (
				2A37F4BAFDCFA73011CA2CEA /* English */,
			);
			name = Credits.rtf;
			sourceTree = "<group>";
		};
		6155FC640DD9BEBB00708CBC /* LibraryPanel.xib */ = {
			isa = PBXVariantGroup;
			children = (
				6155FC650DD9BEBB00708CBC /* English */,
			);
			name = LibraryPanel.xib;
			sourceTree = "<group>";
		};
		61936BEC0DC867AC0034D23C /* NodeBoxDocument.xib */ = {
			isa = PBXVariantGroup;
			children = (
				61936BED0DC867AC0034D23C /* English */,
			);
			name = NodeBoxDocument.xib;
			sourceTree = "<group>";
		};
		619CC1360DDC8F7C00A69DA2 /* CanvasView.xib */ = {
			isa = PBXVariantGroup;
			children = (
				619CC1370DDC8F7C00A69DA2 /* English */,
			);
			name = CanvasView.xib;
			sourceTree = "<group>";
		};
		619CC1380DDC8F7C00A69DA2 /* NetworkView.xib */ = {
			isa = PBXVariantGroup;
			children = (
				619CC1390DDC8F7C00A69DA2 /* English */,
			);
			name = NetworkView.xib;
			sourceTree = "<group>";
		};
		619CC13A0DDC8F7C00A69DA2 /* ViewPane.xib */ = {
			isa = PBXVariantGroup;
			children = (
				619CC13B0DDC8F7C00A69DA2 /* English */,
			);
			name = ViewPane.xib;
			sourceTree = "<group>";
		};
		619CC13C0DDC8F7C00A69DA2 /* ParameterView.xib */ = {
			isa = PBXVariantGroup;
			children = (
				619CC13D0DDC8F7C00A69DA2 /* English */,
			);
			name = ParameterView.xib;
			sourceTree = "<group>";
		};
/* End PBXVariantGroup section */

/* Begin XCBuildConfiguration section */
		C05733C808A9546B00998B17 /* Debug */ = {
			isa = XCBuildConfiguration;
			buildSettings = {
				ALWAYS_SEARCH_USER_PATHS = NO;
				COPY_PHASE_STRIP = NO;
				FRAMEWORK_SEARCH_PATHS = (
					"$(inherited)",
					"\"$(SRCROOT)/../NodeCore/build/Debug\"",
				);
				GCC_DYNAMIC_NO_PIC = NO;
				GCC_ENABLE_FIX_AND_CONTINUE = YES;
				GCC_MODEL_TUNING = G5;
				GCC_OPTIMIZATION_LEVEL = 0;
				GCC_PRECOMPILE_PREFIX_HEADER = YES;
				GCC_PREFIX_HEADER = NodeBox_Prefix.pch;
				INFOPLIST_FILE = Info.plist;
				INSTALL_PATH = "$(HOME)/Applications";
				LIBRARY_SEARCH_PATHS = (
					"$(inherited)",
					"\"$(SRCROOT)/../CoreVector/build/Debug/plugins/corevector-1.0.0\"",
				);
				PRODUCT_NAME = NodeBox;
			};
			name = Debug;
		};
		C05733C908A9546B00998B17 /* Release */ = {
			isa = XCBuildConfiguration;
			buildSettings = {
				ALWAYS_SEARCH_USER_PATHS = NO;
				DEBUG_INFORMATION_FORMAT = "dwarf-with-dsym";
				FRAMEWORK_SEARCH_PATHS = (
					"$(inherited)",
					"\"$(SRCROOT)/../NodeCore/build/Debug\"",
				);
				GCC_MODEL_TUNING = G5;
				GCC_PRECOMPILE_PREFIX_HEADER = YES;
				GCC_PREFIX_HEADER = NodeBox_Prefix.pch;
				INFOPLIST_FILE = Info.plist;
				INSTALL_PATH = "$(HOME)/Applications";
				LIBRARY_SEARCH_PATHS = (
					"$(inherited)",
					"\"$(SRCROOT)/../CoreVector/build/Debug/plugins/corevector-1.0.0\"",
				);
				PRODUCT_NAME = NodeBox;
			};
			name = Release;
		};
		C05733CC08A9546B00998B17 /* Debug */ = {
			isa = XCBuildConfiguration;
			buildSettings = {
				ALWAYS_SEARCH_USER_PATHS = NO;
				ARCHS = "$(ARCHS_STANDARD_32_BIT)";
				GCC_C_LANGUAGE_STANDARD = c99;
				GCC_OPTIMIZATION_LEVEL = 0;
				GCC_WARN_ABOUT_RETURN_TYPE = YES;
				GCC_WARN_UNUSED_VARIABLE = YES;
				ONLY_ACTIVE_ARCH = YES;
				PREBINDING = NO;
				SDKROOT = macosx10.5;
			};
			name = Debug;
		};
		C05733CD08A9546B00998B17 /* Release */ = {
			isa = XCBuildConfiguration;
			buildSettings = {
				ALWAYS_SEARCH_USER_PATHS = NO;
				ARCHS = "$(ARCHS_STANDARD_32_BIT)";
				GCC_C_LANGUAGE_STANDARD = c99;
				GCC_WARN_ABOUT_RETURN_TYPE = YES;
				GCC_WARN_UNUSED_VARIABLE = YES;
				PREBINDING = NO;
				SDKROOT = macosx10.5;
			};
			name = Release;
		};
/* End XCBuildConfiguration section */

/* Begin XCConfigurationList section */
		C05733C708A9546B00998B17 /* Build configuration list for PBXNativeTarget "NodeBox" */ = {
			isa = XCConfigurationList;
			buildConfigurations = (
				C05733C808A9546B00998B17 /* Debug */,
				C05733C908A9546B00998B17 /* Release */,
			);
			defaultConfigurationIsVisible = 0;
			defaultConfigurationName = Release;
		};
		C05733CB08A9546B00998B17 /* Build configuration list for PBXProject "NodeBox" */ = {
			isa = XCConfigurationList;
			buildConfigurations = (
				C05733CC08A9546B00998B17 /* Debug */,
				C05733CD08A9546B00998B17 /* Release */,
			);
			defaultConfigurationIsVisible = 0;
			defaultConfigurationName = Release;
		};
/* End XCConfigurationList section */
	};
	rootObject = 2A37F4A9FDCFA73011CA2CEA /* Project object */;
}
