// !$*UTF8*$!
{
	archiveVersion = 1;
	classes = {
	};
	objectVersion = 42;
	objects = {

/* Begin PBXBuildFile section */
		611EC2440DC22A52008BE1A1 /* testpdf.cpp in Sources */ = {isa = PBXBuildFile; fileRef = 611EC16E0DC228CF008BE1A1 /* testpdf.cpp */; };
		611EC3AC0DC22E7C008BE1A1 /* Python.framework in Frameworks */ = {isa = PBXBuildFile; fileRef = 611EC0DD0DC2223C008BE1A1 /* Python.framework */; };
		611EC3AD0DC22E7C008BE1A1 /* QuartzCore.framework in Frameworks */ = {isa = PBXBuildFile; fileRef = 611EBFA30DC21240008BE1A1 /* QuartzCore.framework */; };
		611EC3AE0DC22E7C008BE1A1 /* ApplicationServices.framework in Frameworks */ = {isa = PBXBuildFile; fileRef = 611EBFA10DC2122E008BE1A1 /* ApplicationServices.framework */; };
		611EC3AF0DC22E7C008BE1A1 /* Cocoa.framework in Frameworks */ = {isa = PBXBuildFile; fileRef = 611EBF9F0DC2121B008BE1A1 /* Cocoa.framework */; };
		611EC3B00DC22E7C008BE1A1 /* Carbon.framework in Frameworks */ = {isa = PBXBuildFile; fileRef = 611EBF9D0DC21210008BE1A1 /* Carbon.framework */; };
		611EC3B30DC22E83008BE1A1 /* NodeCore.framework in Frameworks */ = {isa = PBXBuildFile; fileRef = 611EC2B80DC22E66008BE1A1 /* NodeCore.framework */; };
		611EC3B40DC22E91008BE1A1 /* NodeCore.h in Headers */ = {isa = PBXBuildFile; fileRef = 611EC2370DC2297B008BE1A1 /* NodeCore.h */; settings = {ATTRIBUTES = (Public, ); }; };
		611EC3B50DC22EA4008BE1A1 /* Connection.h in Headers */ = {isa = PBXBuildFile; fileRef = 611EBF470DC2108B008BE1A1 /* Connection.h */; settings = {ATTRIBUTES = (Public, ); }; };
		611EC3B60DC22EA4008BE1A1 /* Field.h in Headers */ = {isa = PBXBuildFile; fileRef = 611EBF490DC2108B008BE1A1 /* Field.h */; settings = {ATTRIBUTES = (Public, ); }; };
		611EC3BA0DC22EA4008BE1A1 /* Node.h in Headers */ = {isa = PBXBuildFile; fileRef = 611EBF510DC2108B008BE1A1 /* Node.h */; settings = {ATTRIBUTES = (Public, ); }; };
		611EC3BB0DC22EA4008BE1A1 /* NodeInfo.h in Headers */ = {isa = PBXBuildFile; fileRef = 611EBF530DC2108B008BE1A1 /* NodeInfo.h */; settings = {ATTRIBUTES = (Public, ); }; };
		611EC3BC0DC22EA4008BE1A1 /* NodeLibrary.h in Headers */ = {isa = PBXBuildFile; fileRef = 611EBF550DC2108B008BE1A1 /* NodeLibrary.h */; settings = {ATTRIBUTES = (Public, ); }; };
		611EC3BD0DC22EA4008BE1A1 /* NodeLibraryManager.h in Headers */ = {isa = PBXBuildFile; fileRef = 611EBF570DC2108B008BE1A1 /* NodeLibraryManager.h */; settings = {ATTRIBUTES = (Public, ); }; };
		611EC3BE0DC22EA4008BE1A1 /* posixutils.h in Headers */ = {isa = PBXBuildFile; fileRef = 611EBF5B0DC2108B008BE1A1 /* posixutils.h */; settings = {ATTRIBUTES = (Public, ); }; };
		611EC3BF0DC22EA4008BE1A1 /* PythonNode.h in Headers */ = {isa = PBXBuildFile; fileRef = 611EBF5D0DC2108B008BE1A1 /* PythonNode.h */; settings = {ATTRIBUTES = (Public, ); }; };
		611EC3C10DC22EB9008BE1A1 /* BezierPath.h in Headers */ = {isa = PBXBuildFile; fileRef = 611EBF370DC2108B008BE1A1 /* BezierPath.h */; settings = {ATTRIBUTES = (Public, ); }; };
		611EC3C20DC22EB9008BE1A1 /* Canvas.h in Headers */ = {isa = PBXBuildFile; fileRef = 611EBF390DC2108B008BE1A1 /* Canvas.h */; settings = {ATTRIBUTES = (Public, ); }; };
		611EC3C30DC22EB9008BE1A1 /* Grob.h in Headers */ = {isa = PBXBuildFile; fileRef = 611EBF3B0DC2108B008BE1A1 /* Grob.h */; settings = {ATTRIBUTES = (Public, ); }; };
		611EC3C40DC22EB9008BE1A1 /* PathElement.h in Headers */ = {isa = PBXBuildFile; fileRef = 611EBF3D0DC2108B008BE1A1 /* PathElement.h */; settings = {ATTRIBUTES = (Public, ); }; };
		611EC3C50DC22EB9008BE1A1 /* Point.h in Headers */ = {isa = PBXBuildFile; fileRef = 611EBF3F0DC2108B008BE1A1 /* Point.h */; settings = {ATTRIBUTES = (Public, ); }; };
		611EC3C60DC22EB9008BE1A1 /* Rect.h in Headers */ = {isa = PBXBuildFile; fileRef = 611EBF410DC2108B008BE1A1 /* Rect.h */; settings = {ATTRIBUTES = (Public, ); }; };
		611EC3C70DC22EB9008BE1A1 /* Transform.h in Headers */ = {isa = PBXBuildFile; fileRef = 611EBF430DC2108B008BE1A1 /* Transform.h */; settings = {ATTRIBUTES = (Public, ); }; };
		611EC3C80DC22EB9008BE1A1 /* Utils.h in Headers */ = {isa = PBXBuildFile; fileRef = 611EBF440DC2108B008BE1A1 /* Utils.h */; settings = {ATTRIBUTES = (Public, ); }; };
		611EC3C90DC22EB9008BE1A1 /* Exceptions.h in Headers */ = {isa = PBXBuildFile; fileRef = 611EC0320DC21845008BE1A1 /* Exceptions.h */; settings = {ATTRIBUTES = (Public, ); }; };
		611EC3CA0DC22ED6008BE1A1 /* BezierPath.cpp in Sources */ = {isa = PBXBuildFile; fileRef = 611EBF360DC2108B008BE1A1 /* BezierPath.cpp */; };
		611EC3CB0DC22ED6008BE1A1 /* Canvas.cpp in Sources */ = {isa = PBXBuildFile; fileRef = 611EBF380DC2108B008BE1A1 /* Canvas.cpp */; };
		611EC3CC0DC22ED6008BE1A1 /* Grob.cpp in Sources */ = {isa = PBXBuildFile; fileRef = 611EBF3A0DC2108B008BE1A1 /* Grob.cpp */; };
		611EC3CD0DC22ED6008BE1A1 /* PathElement.cpp in Sources */ = {isa = PBXBuildFile; fileRef = 611EBF3C0DC2108B008BE1A1 /* PathElement.cpp */; };
		611EC3CE0DC22ED6008BE1A1 /* Point.cpp in Sources */ = {isa = PBXBuildFile; fileRef = 611EBF3E0DC2108B008BE1A1 /* Point.cpp */; };
		611EC3CF0DC22ED6008BE1A1 /* Rect.cpp in Sources */ = {isa = PBXBuildFile; fileRef = 611EBF400DC2108B008BE1A1 /* Rect.cpp */; };
		611EC3D00DC22ED6008BE1A1 /* Transform.cpp in Sources */ = {isa = PBXBuildFile; fileRef = 611EBF420DC2108B008BE1A1 /* Transform.cpp */; };
		611EC3D10DC22ED6008BE1A1 /* Connection.cpp in Sources */ = {isa = PBXBuildFile; fileRef = 611EBF460DC2108B008BE1A1 /* Connection.cpp */; };
		611EC3D20DC22ED6008BE1A1 /* Field.cpp in Sources */ = {isa = PBXBuildFile; fileRef = 611EBF480DC2108B008BE1A1 /* Field.cpp */; };
		611EC3D60DC22ED6008BE1A1 /* Node.cpp in Sources */ = {isa = PBXBuildFile; fileRef = 611EBF500DC2108B008BE1A1 /* Node.cpp */; };
		611EC3D70DC22ED6008BE1A1 /* NodeInfo.cpp in Sources */ = {isa = PBXBuildFile; fileRef = 611EBF520DC2108B008BE1A1 /* NodeInfo.cpp */; };
		611EC3D80DC22ED6008BE1A1 /* NodeLibrary.cpp in Sources */ = {isa = PBXBuildFile; fileRef = 611EBF540DC2108B008BE1A1 /* NodeLibrary.cpp */; };
		611EC3D90DC22ED6008BE1A1 /* NodeLibraryManager.cpp in Sources */ = {isa = PBXBuildFile; fileRef = 611EBF560DC2108B008BE1A1 /* NodeLibraryManager.cpp */; };
		611EC3DA0DC22ED6008BE1A1 /* posixutils.cpp in Sources */ = {isa = PBXBuildFile; fileRef = 611EBF5A0DC2108B008BE1A1 /* posixutils.cpp */; };
		611EC3DB0DC22ED6008BE1A1 /* PythonNode.cpp in Sources */ = {isa = PBXBuildFile; fileRef = 611EBF5C0DC2108B008BE1A1 /* PythonNode.cpp */; };
		611EC4420DC24D33008BE1A1 /* NodeCore.framework in Frameworks */ = {isa = PBXBuildFile; fileRef = 611EC2B80DC22E66008BE1A1 /* NodeCore.framework */; };
		611EC4850DC24E0A008BE1A1 /* unittest.cpp in Sources */ = {isa = PBXBuildFile; fileRef = 611EC4840DC24E0A008BE1A1 /* unittest.cpp */; };
		611EC5540DC2575B008BE1A1 /* utils.cpp in Sources */ = {isa = PBXBuildFile; fileRef = 611EC5400DC2575B008BE1A1 /* utils.cpp */; };
		611EC5550DC2575B008BE1A1 /* suite.cpp in Sources */ = {isa = PBXBuildFile; fileRef = 611EC5410DC2575B008BE1A1 /* suite.cpp */; };
		611EC5560DC2575B008BE1A1 /* textoutput.cpp in Sources */ = {isa = PBXBuildFile; fileRef = 611EC5420DC2575B008BE1A1 /* textoutput.cpp */; };
		611EC5570DC2575B008BE1A1 /* time.cpp in Sources */ = {isa = PBXBuildFile; fileRef = 611EC5430DC2575B008BE1A1 /* time.cpp */; };
		611EC5580DC2575B008BE1A1 /* missing.cpp in Sources */ = {isa = PBXBuildFile; fileRef = 611EC5440DC2575B008BE1A1 /* missing.cpp */; };
		611EC5590DC2575B008BE1A1 /* source.cpp in Sources */ = {isa = PBXBuildFile; fileRef = 611EC5460DC2575B008BE1A1 /* source.cpp */; };
		611EC55A0DC2575B008BE1A1 /* htmloutput.cpp in Sources */ = {isa = PBXBuildFile; fileRef = 611EC5480DC2575B008BE1A1 /* htmloutput.cpp */; };
		611EC55B0DC2575B008BE1A1 /* collectoroutput.cpp in Sources */ = {isa = PBXBuildFile; fileRef = 611EC5510DC2575B008BE1A1 /* collectoroutput.cpp */; };
		611EC55C0DC2575B008BE1A1 /* compileroutput.cpp in Sources */ = {isa = PBXBuildFile; fileRef = 611EC5520DC2575B008BE1A1 /* compileroutput.cpp */; };
		615500070DDA02D300708CBC /* stringutils.cpp in Sources */ = {isa = PBXBuildFile; fileRef = 615500050DDA02D300708CBC /* stringutils.cpp */; };
		615500080DDA02D300708CBC /* stringutils.h in Headers */ = {isa = PBXBuildFile; fileRef = 615500060DDA02D300708CBC /* stringutils.h */; settings = {ATTRIBUTES = (Public, ); }; };
		616557A30DC61E9100AC5259 /* Image.h in Headers */ = {isa = PBXBuildFile; fileRef = 616557A10DC61E9100AC5259 /* Image.h */; settings = {ATTRIBUTES = (Public, ); }; };
		616557A40DC61E9100AC5259 /* Image.cpp in Sources */ = {isa = PBXBuildFile; fileRef = 616557A20DC61E9100AC5259 /* Image.cpp */; };
		6165582C0DC6297F00AC5259 /* nodeboxicon.png in CopyFiles */ = {isa = PBXBuildFile; fileRef = 6165582B0DC6297600AC5259 /* nodeboxicon.png */; };
		61796F9E0DC7694E00CD8DC9 /* CanvasNode.h in Headers */ = {isa = PBXBuildFile; fileRef = 61796F9C0DC7694E00CD8DC9 /* CanvasNode.h */; settings = {ATTRIBUTES = (Public, ); }; };
		61796F9F0DC7694E00CD8DC9 /* CanvasNode.cpp in Sources */ = {isa = PBXBuildFile; fileRef = 61796F9D0DC7694E00CD8DC9 /* CanvasNode.cpp */; };
		618C8BE20DE832E30096A514 /* Color.h in Headers */ = {isa = PBXBuildFile; fileRef = 618C8BE00DE832E30096A514 /* Color.h */; };
		618C8BE30DE832E30096A514 /* Color.cpp in Sources */ = {isa = PBXBuildFile; fileRef = 618C8BE10DE832E30096A514 /* Color.cpp */; };
		618C8D8B0DE875900096A514 /* ImageTestSuite.h in Headers */ = {isa = PBXBuildFile; fileRef = 618C8D8A0DE875900096A514 /* ImageTestSuite.h */; };
		618C8DB20DE876880096A514 /* testimage.png in CopyFiles */ = {isa = PBXBuildFile; fileRef = 618C8DB00DE876770096A514 /* testimage.png */; };
		61936C480DC86FA80034D23C /* Network.h in Headers */ = {isa = PBXBuildFile; fileRef = 61936C460DC86FA80034D23C /* Network.h */; settings = {ATTRIBUTES = (Public, ); }; };
		61936C490DC86FA80034D23C /* Network.cpp in Sources */ = {isa = PBXBuildFile; fileRef = 61936C470DC86FA80034D23C /* Network.cpp */; };
/* End PBXBuildFile section */

/* Begin PBXContainerItemProxy section */
		611EC3B10DC22E7F008BE1A1 /* PBXContainerItemProxy */ = {
			isa = PBXContainerItemProxy;
			containerPortal = 611EBF200DC20FB3008BE1A1 /* Project object */;
			proxyType = 1;
			remoteGlobalIDString = 611EC2B70DC22E66008BE1A1;
			remoteInfo = NodeCore;
		};
		611EC4400DC24D30008BE1A1 /* PBXContainerItemProxy */ = {
			isa = PBXContainerItemProxy;
			containerPortal = 611EBF200DC20FB3008BE1A1 /* Project object */;
			proxyType = 1;
			remoteGlobalIDString = 611EC2B70DC22E66008BE1A1;
			remoteInfo = NodeCore;
		};
/* End PBXContainerItemProxy section */

/* Begin PBXCopyFilesBuildPhase section */
		616558260DC6290700AC5259 /* CopyFiles */ = {
			isa = PBXCopyFilesBuildPhase;
			buildActionMask = 2147483647;
			dstPath = "";
			dstSubfolderSpec = 16;
			files = (
				6165582C0DC6297F00AC5259 /* nodeboxicon.png in CopyFiles */,
			);
			runOnlyForDeploymentPostprocessing = 0;
		};
		618C8DB10DE876770096A514 /* CopyFiles */ = {
			isa = PBXCopyFilesBuildPhase;
			buildActionMask = 2147483647;
			dstPath = "";
			dstSubfolderSpec = 6;
			files = (
				618C8DB20DE876880096A514 /* testimage.png in CopyFiles */,
			);
			runOnlyForDeploymentPostprocessing = 0;
		};
/* End PBXCopyFilesBuildPhase section */

/* Begin PBXFileReference section */
		611EBF360DC2108B008BE1A1 /* BezierPath.cpp */ = {isa = PBXFileReference; fileEncoding = 4; lastKnownFileType = sourcecode.cpp.cpp; path = BezierPath.cpp; sourceTree = "<group>"; };
		611EBF370DC2108B008BE1A1 /* BezierPath.h */ = {isa = PBXFileReference; fileEncoding = 4; lastKnownFileType = sourcecode.c.h; path = BezierPath.h; sourceTree = "<group>"; };
		611EBF380DC2108B008BE1A1 /* Canvas.cpp */ = {isa = PBXFileReference; fileEncoding = 4; lastKnownFileType = sourcecode.cpp.cpp; path = Canvas.cpp; sourceTree = "<group>"; };
		611EBF390DC2108B008BE1A1 /* Canvas.h */ = {isa = PBXFileReference; fileEncoding = 4; lastKnownFileType = sourcecode.c.h; path = Canvas.h; sourceTree = "<group>"; };
		611EBF3A0DC2108B008BE1A1 /* Grob.cpp */ = {isa = PBXFileReference; fileEncoding = 4; lastKnownFileType = sourcecode.cpp.cpp; path = Grob.cpp; sourceTree = "<group>"; };
		611EBF3B0DC2108B008BE1A1 /* Grob.h */ = {isa = PBXFileReference; fileEncoding = 4; lastKnownFileType = sourcecode.c.h; path = Grob.h; sourceTree = "<group>"; };
		611EBF3C0DC2108B008BE1A1 /* PathElement.cpp */ = {isa = PBXFileReference; fileEncoding = 4; lastKnownFileType = sourcecode.cpp.cpp; path = PathElement.cpp; sourceTree = "<group>"; };
		611EBF3D0DC2108B008BE1A1 /* PathElement.h */ = {isa = PBXFileReference; fileEncoding = 4; lastKnownFileType = sourcecode.c.h; path = PathElement.h; sourceTree = "<group>"; };
		611EBF3E0DC2108B008BE1A1 /* Point.cpp */ = {isa = PBXFileReference; fileEncoding = 4; lastKnownFileType = sourcecode.cpp.cpp; path = Point.cpp; sourceTree = "<group>"; };
		611EBF3F0DC2108B008BE1A1 /* Point.h */ = {isa = PBXFileReference; fileEncoding = 4; lastKnownFileType = sourcecode.c.h; path = Point.h; sourceTree = "<group>"; };
		611EBF400DC2108B008BE1A1 /* Rect.cpp */ = {isa = PBXFileReference; fileEncoding = 4; lastKnownFileType = sourcecode.cpp.cpp; path = Rect.cpp; sourceTree = "<group>"; };
		611EBF410DC2108B008BE1A1 /* Rect.h */ = {isa = PBXFileReference; fileEncoding = 4; lastKnownFileType = sourcecode.c.h; path = Rect.h; sourceTree = "<group>"; };
		611EBF420DC2108B008BE1A1 /* Transform.cpp */ = {isa = PBXFileReference; fileEncoding = 4; lastKnownFileType = sourcecode.cpp.cpp; path = Transform.cpp; sourceTree = "<group>"; };
		611EBF430DC2108B008BE1A1 /* Transform.h */ = {isa = PBXFileReference; fileEncoding = 4; lastKnownFileType = sourcecode.c.h; path = Transform.h; sourceTree = "<group>"; };
		611EBF440DC2108B008BE1A1 /* Utils.h */ = {isa = PBXFileReference; fileEncoding = 4; lastKnownFileType = sourcecode.c.h; path = Utils.h; sourceTree = "<group>"; };
		611EBF460DC2108B008BE1A1 /* Connection.cpp */ = {isa = PBXFileReference; fileEncoding = 4; lastKnownFileType = sourcecode.cpp.cpp; path = Connection.cpp; sourceTree = "<group>"; };
		611EBF470DC2108B008BE1A1 /* Connection.h */ = {isa = PBXFileReference; fileEncoding = 4; lastKnownFileType = sourcecode.c.h; path = Connection.h; sourceTree = "<group>"; };
		611EBF480DC2108B008BE1A1 /* Field.cpp */ = {isa = PBXFileReference; fileEncoding = 4; lastKnownFileType = sourcecode.cpp.cpp; path = Field.cpp; sourceTree = "<group>"; };
		611EBF490DC2108B008BE1A1 /* Field.h */ = {isa = PBXFileReference; fileEncoding = 4; lastKnownFileType = sourcecode.c.h; path = Field.h; sourceTree = "<group>"; };
		611EBF500DC2108B008BE1A1 /* Node.cpp */ = {isa = PBXFileReference; fileEncoding = 4; lastKnownFileType = sourcecode.cpp.cpp; path = Node.cpp; sourceTree = "<group>"; };
		611EBF510DC2108B008BE1A1 /* Node.h */ = {isa = PBXFileReference; fileEncoding = 4; lastKnownFileType = sourcecode.c.h; path = Node.h; sourceTree = "<group>"; };
		611EBF520DC2108B008BE1A1 /* NodeInfo.cpp */ = {isa = PBXFileReference; fileEncoding = 4; lastKnownFileType = sourcecode.cpp.cpp; path = NodeInfo.cpp; sourceTree = "<group>"; };
		611EBF530DC2108B008BE1A1 /* NodeInfo.h */ = {isa = PBXFileReference; fileEncoding = 4; lastKnownFileType = sourcecode.c.h; path = NodeInfo.h; sourceTree = "<group>"; };
		611EBF540DC2108B008BE1A1 /* NodeLibrary.cpp */ = {isa = PBXFileReference; fileEncoding = 4; lastKnownFileType = sourcecode.cpp.cpp; path = NodeLibrary.cpp; sourceTree = "<group>"; };
		611EBF550DC2108B008BE1A1 /* NodeLibrary.h */ = {isa = PBXFileReference; fileEncoding = 4; lastKnownFileType = sourcecode.c.h; path = NodeLibrary.h; sourceTree = "<group>"; };
		611EBF560DC2108B008BE1A1 /* NodeLibraryManager.cpp */ = {isa = PBXFileReference; fileEncoding = 4; lastKnownFileType = sourcecode.cpp.cpp; path = NodeLibraryManager.cpp; sourceTree = "<group>"; };
		611EBF570DC2108B008BE1A1 /* NodeLibraryManager.h */ = {isa = PBXFileReference; fileEncoding = 4; lastKnownFileType = sourcecode.c.h; path = NodeLibraryManager.h; sourceTree = "<group>"; };
		611EBF5A0DC2108B008BE1A1 /* posixutils.cpp */ = {isa = PBXFileReference; fileEncoding = 4; lastKnownFileType = sourcecode.cpp.cpp; path = posixutils.cpp; sourceTree = "<group>"; };
		611EBF5B0DC2108B008BE1A1 /* posixutils.h */ = {isa = PBXFileReference; fileEncoding = 4; lastKnownFileType = sourcecode.c.h; path = posixutils.h; sourceTree = "<group>"; };
		611EBF5C0DC2108B008BE1A1 /* PythonNode.cpp */ = {isa = PBXFileReference; fileEncoding = 4; lastKnownFileType = sourcecode.cpp.cpp; path = PythonNode.cpp; sourceTree = "<group>"; };
		611EBF5D0DC2108B008BE1A1 /* PythonNode.h */ = {isa = PBXFileReference; fileEncoding = 4; lastKnownFileType = sourcecode.c.h; path = PythonNode.h; sourceTree = "<group>"; };
		611EBF840DC211C9008BE1A1 /* Info.plist */ = {isa = PBXFileReference; fileEncoding = 4; lastKnownFileType = text.plist.xml; path = Info.plist; sourceTree = "<group>"; };
		611EBF9D0DC21210008BE1A1 /* Carbon.framework */ = {isa = PBXFileReference; lastKnownFileType = wrapper.framework; name = Carbon.framework; path = /System/Library/Frameworks/Carbon.framework; sourceTree = "<absolute>"; };
		611EBF9F0DC2121B008BE1A1 /* Cocoa.framework */ = {isa = PBXFileReference; lastKnownFileType = wrapper.framework; name = Cocoa.framework; path = /System/Library/Frameworks/Cocoa.framework; sourceTree = "<absolute>"; };
		611EBFA10DC2122E008BE1A1 /* ApplicationServices.framework */ = {isa = PBXFileReference; lastKnownFileType = wrapper.framework; name = ApplicationServices.framework; path = /System/Library/Frameworks/ApplicationServices.framework; sourceTree = "<absolute>"; };
		611EBFA30DC21240008BE1A1 /* QuartzCore.framework */ = {isa = PBXFileReference; lastKnownFileType = wrapper.framework; name = QuartzCore.framework; path = /System/Library/Frameworks/QuartzCore.framework; sourceTree = "<absolute>"; };
		611EBFAB0DC212DB008BE1A1 /* config.h */ = {isa = PBXFileReference; fileEncoding = 4; lastKnownFileType = sourcecode.c.h; path = config.h; sourceTree = "<group>"; };
		611EBFAF0DC2142C008BE1A1 /* NodeCorePrefix.h */ = {isa = PBXFileReference; fileEncoding = 4; lastKnownFileType = sourcecode.c.h; path = NodeCorePrefix.h; sourceTree = "<group>"; };
		611EC0320DC21845008BE1A1 /* Exceptions.h */ = {isa = PBXFileReference; fileEncoding = 4; lastKnownFileType = sourcecode.c.h; path = Exceptions.h; sourceTree = "<group>"; };
		611EC0DD0DC2223C008BE1A1 /* Python.framework */ = {isa = PBXFileReference; lastKnownFileType = wrapper.framework; name = Python.framework; path = /System/Library/Frameworks/Python.framework; sourceTree = "<absolute>"; };
		611EC16E0DC228CF008BE1A1 /* testpdf.cpp */ = {isa = PBXFileReference; fileEncoding = 4; lastKnownFileType = sourcecode.cpp.cpp; name = testpdf.cpp; path = test/testpdf.cpp; sourceTree = "<group>"; };
		611EC2370DC2297B008BE1A1 /* NodeCore.h */ = {isa = PBXFileReference; fileEncoding = 4; lastKnownFileType = sourcecode.c.h; name = NodeCore.h; path = api/NodeCore.h; sourceTree = "<group>"; };
		611EC23D0DC22A3C008BE1A1 /* testpdf */ = {isa = PBXFileReference; explicitFileType = "compiled.mach-o.executable"; includeInIndex = 0; path = testpdf; sourceTree = BUILT_PRODUCTS_DIR; };
		611EC2B80DC22E66008BE1A1 /* NodeCore.framework */ = {isa = PBXFileReference; explicitFileType = wrapper.framework; includeInIndex = 0; path = NodeCore.framework; sourceTree = BUILT_PRODUCTS_DIR; };
		611EC43C0DC24D23008BE1A1 /* unittest */ = {isa = PBXFileReference; explicitFileType = "compiled.mach-o.executable"; includeInIndex = 0; path = unittest; sourceTree = BUILT_PRODUCTS_DIR; };
		611EC4840DC24E0A008BE1A1 /* unittest.cpp */ = {isa = PBXFileReference; fileEncoding = 4; lastKnownFileType = sourcecode.cpp.cpp; name = unittest.cpp; path = test/unittest.cpp; sourceTree = "<group>"; };
		611EC4870DC24E63008BE1A1 /* BezierPathTestSuite.h */ = {isa = PBXFileReference; fileEncoding = 4; lastKnownFileType = sourcecode.c.h; name = BezierPathTestSuite.h; path = test/graphics/BezierPathTestSuite.h; sourceTree = "<group>"; };
		611EC4F20DC25366008BE1A1 /* CanvasTestSuite.h */ = {isa = PBXFileReference; fileEncoding = 4; lastKnownFileType = sourcecode.c.h; name = CanvasTestSuite.h; path = test/graphics/CanvasTestSuite.h; sourceTree = "<group>"; };
		611EC53F0DC2575B008BE1A1 /* utils.h */ = {isa = PBXFileReference; fileEncoding = 4; lastKnownFileType = sourcecode.c.h; name = utils.h; path = test/cpptest/src/utils.h; sourceTree = "<group>"; };
		611EC5400DC2575B008BE1A1 /* utils.cpp */ = {isa = PBXFileReference; fileEncoding = 4; lastKnownFileType = sourcecode.cpp.cpp; name = utils.cpp; path = test/cpptest/src/utils.cpp; sourceTree = "<group>"; };
		611EC5410DC2575B008BE1A1 /* suite.cpp */ = {isa = PBXFileReference; fileEncoding = 4; lastKnownFileType = sourcecode.cpp.cpp; name = suite.cpp; path = test/cpptest/src/suite.cpp; sourceTree = "<group>"; };
		611EC5420DC2575B008BE1A1 /* textoutput.cpp */ = {isa = PBXFileReference; fileEncoding = 4; lastKnownFileType = sourcecode.cpp.cpp; name = textoutput.cpp; path = test/cpptest/src/textoutput.cpp; sourceTree = "<group>"; };
		611EC5430DC2575B008BE1A1 /* time.cpp */ = {isa = PBXFileReference; fileEncoding = 4; lastKnownFileType = sourcecode.cpp.cpp; name = time.cpp; path = test/cpptest/src/time.cpp; sourceTree = "<group>"; };
		611EC5440DC2575B008BE1A1 /* missing.cpp */ = {isa = PBXFileReference; fileEncoding = 4; lastKnownFileType = sourcecode.cpp.cpp; name = missing.cpp; path = test/cpptest/src/missing.cpp; sourceTree = "<group>"; };
		611EC5450DC2575B008BE1A1 /* missing.h */ = {isa = PBXFileReference; fileEncoding = 4; lastKnownFileType = sourcecode.c.h; name = missing.h; path = test/cpptest/src/missing.h; sourceTree = "<group>"; };
		611EC5460DC2575B008BE1A1 /* source.cpp */ = {isa = PBXFileReference; fileEncoding = 4; lastKnownFileType = sourcecode.cpp.cpp; name = source.cpp; path = test/cpptest/src/source.cpp; sourceTree = "<group>"; };
		611EC5470DC2575B008BE1A1 /* cpptest.h */ = {isa = PBXFileReference; fileEncoding = 4; lastKnownFileType = sourcecode.c.h; name = cpptest.h; path = test/cpptest/src/cpptest.h; sourceTree = "<group>"; };
		611EC5480DC2575B008BE1A1 /* htmloutput.cpp */ = {isa = PBXFileReference; fileEncoding = 4; lastKnownFileType = sourcecode.cpp.cpp; name = htmloutput.cpp; path = test/cpptest/src/htmloutput.cpp; sourceTree = "<group>"; };
		611EC5490DC2575B008BE1A1 /* cpptest-source.h */ = {isa = PBXFileReference; fileEncoding = 4; lastKnownFileType = sourcecode.c.h; name = "cpptest-source.h"; path = "test/cpptest/src/cpptest-source.h"; sourceTree = "<group>"; };
		611EC54A0DC2575B008BE1A1 /* cpptest-suite.h */ = {isa = PBXFileReference; fileEncoding = 4; lastKnownFileType = sourcecode.c.h; name = "cpptest-suite.h"; path = "test/cpptest/src/cpptest-suite.h"; sourceTree = "<group>"; };
		611EC54B0DC2575B008BE1A1 /* cpptest-textoutput.h */ = {isa = PBXFileReference; fileEncoding = 4; lastKnownFileType = sourcecode.c.h; name = "cpptest-textoutput.h"; path = "test/cpptest/src/cpptest-textoutput.h"; sourceTree = "<group>"; };
		611EC54C0DC2575B008BE1A1 /* cpptest-time.h */ = {isa = PBXFileReference; fileEncoding = 4; lastKnownFileType = sourcecode.c.h; name = "cpptest-time.h"; path = "test/cpptest/src/cpptest-time.h"; sourceTree = "<group>"; };
		611EC54D0DC2575B008BE1A1 /* cpptest-collectoroutput.h */ = {isa = PBXFileReference; fileEncoding = 4; lastKnownFileType = sourcecode.c.h; name = "cpptest-collectoroutput.h"; path = "test/cpptest/src/cpptest-collectoroutput.h"; sourceTree = "<group>"; };
		611EC54E0DC2575B008BE1A1 /* cpptest-compileroutput.h */ = {isa = PBXFileReference; fileEncoding = 4; lastKnownFileType = sourcecode.c.h; name = "cpptest-compileroutput.h"; path = "test/cpptest/src/cpptest-compileroutput.h"; sourceTree = "<group>"; };
		611EC54F0DC2575B008BE1A1 /* cpptest-htmloutput.h */ = {isa = PBXFileReference; fileEncoding = 4; lastKnownFileType = sourcecode.c.h; name = "cpptest-htmloutput.h"; path = "test/cpptest/src/cpptest-htmloutput.h"; sourceTree = "<group>"; };
		611EC5500DC2575B008BE1A1 /* cpptest-output.h */ = {isa = PBXFileReference; fileEncoding = 4; lastKnownFileType = sourcecode.c.h; name = "cpptest-output.h"; path = "test/cpptest/src/cpptest-output.h"; sourceTree = "<group>"; };
		611EC5510DC2575B008BE1A1 /* collectoroutput.cpp */ = {isa = PBXFileReference; fileEncoding = 4; lastKnownFileType = sourcecode.cpp.cpp; name = collectoroutput.cpp; path = test/cpptest/src/collectoroutput.cpp; sourceTree = "<group>"; };
		611EC5520DC2575B008BE1A1 /* compileroutput.cpp */ = {isa = PBXFileReference; fileEncoding = 4; lastKnownFileType = sourcecode.cpp.cpp; name = compileroutput.cpp; path = test/cpptest/src/compileroutput.cpp; sourceTree = "<group>"; };
		611EC5530DC2575B008BE1A1 /* cpptest-assert.h */ = {isa = PBXFileReference; fileEncoding = 4; lastKnownFileType = sourcecode.c.h; name = "cpptest-assert.h"; path = "test/cpptest/src/cpptest-assert.h"; sourceTree = "<group>"; };
		611EC5690DC25DCB008BE1A1 /* ConnectTestSuite.h */ = {isa = PBXFileReference; fileEncoding = 4; lastKnownFileType = sourcecode.c.h; name = ConnectTestSuite.h; path = test/node/ConnectTestSuite.h; sourceTree = "<group>"; };
		611EC5860DC26042008BE1A1 /* FieldTestSuite.h */ = {isa = PBXFileReference; fileEncoding = 4; lastKnownFileType = sourcecode.c.h; name = FieldTestSuite.h; path = test/node/FieldTestSuite.h; sourceTree = "<group>"; };
		611EC59D0DC26100008BE1A1 /* NodeTestSuite.h */ = {isa = PBXFileReference; fileEncoding = 4; lastKnownFileType = sourcecode.c.h; name = NodeTestSuite.h; path = test/node/NodeTestSuite.h; sourceTree = "<group>"; };
		611EC5EF0DC267D9008BE1A1 /* PathElementTestSuite.h */ = {isa = PBXFileReference; fileEncoding = 4; lastKnownFileType = sourcecode.c.h; name = PathElementTestSuite.h; path = test/graphics/PathElementTestSuite.h; sourceTree = "<group>"; };
		615500050DDA02D300708CBC /* stringutils.cpp */ = {isa = PBXFileReference; fileEncoding = 4; lastKnownFileType = sourcecode.cpp.cpp; name = stringutils.cpp; path = util/stringutils.cpp; sourceTree = "<group>"; };
		615500060DDA02D300708CBC /* stringutils.h */ = {isa = PBXFileReference; fileEncoding = 4; lastKnownFileType = sourcecode.c.h; name = stringutils.h; path = util/stringutils.h; sourceTree = "<group>"; };
		6155000A0DDA02FE00708CBC /* StringUtilsTestSuite.h */ = {isa = PBXFileReference; fileEncoding = 4; lastKnownFileType = sourcecode.c.h; path = StringUtilsTestSuite.h; sourceTree = "<group>"; };
		616557A10DC61E9100AC5259 /* Image.h */ = {isa = PBXFileReference; fileEncoding = 4; lastKnownFileType = sourcecode.c.h; path = Image.h; sourceTree = "<group>"; };
		616557A20DC61E9100AC5259 /* Image.cpp */ = {isa = PBXFileReference; fileEncoding = 4; lastKnownFileType = sourcecode.cpp.cpp; path = Image.cpp; sourceTree = "<group>"; };
		6165582B0DC6297600AC5259 /* nodeboxicon.png */ = {isa = PBXFileReference; lastKnownFileType = image.png; path = nodeboxicon.png; sourceTree = "<group>"; };
		61796F9C0DC7694E00CD8DC9 /* CanvasNode.h */ = {isa = PBXFileReference; fileEncoding = 4; lastKnownFileType = sourcecode.c.h; path = CanvasNode.h; sourceTree = "<group>"; };
		61796F9D0DC7694E00CD8DC9 /* CanvasNode.cpp */ = {isa = PBXFileReference; fileEncoding = 4; lastKnownFileType = sourcecode.cpp.cpp; path = CanvasNode.cpp; sourceTree = "<group>"; };
		61796FB30DC76EDC00CD8DC9 /* CanvasNodeTestSuite.h */ = {isa = PBXFileReference; fileEncoding = 4; lastKnownFileType = sourcecode.c.h; name = CanvasNodeTestSuite.h; path = test/node/CanvasNodeTestSuite.h; sourceTree = "<group>"; };
		618C8BE00DE832E30096A514 /* Color.h */ = {isa = PBXFileReference; fileEncoding = 4; lastKnownFileType = sourcecode.c.h; path = Color.h; sourceTree = "<group>"; };
		618C8BE10DE832E30096A514 /* Color.cpp */ = {isa = PBXFileReference; fileEncoding = 4; lastKnownFileType = sourcecode.cpp.cpp; path = Color.cpp; sourceTree = "<group>"; };
		618C8D8A0DE875900096A514 /* ImageTestSuite.h */ = {isa = PBXFileReference; fileEncoding = 4; lastKnownFileType = sourcecode.c.h; name = ImageTestSuite.h; path = test/graphics/ImageTestSuite.h; sourceTree = "<group>"; };
		618C8DB00DE876770096A514 /* testimage.png */ = {isa = PBXFileReference; lastKnownFileType = image.png; name = testimage.png; path = test/testimage.png; sourceTree = "<group>"; };
		618C8E230DE87C860096A514 /* RectTestSuite.h */ = {isa = PBXFileReference; fileEncoding = 4; lastKnownFileType = sourcecode.c.h; name = RectTestSuite.h; path = test/graphics/RectTestSuite.h; sourceTree = "<group>"; };
		61936C460DC86FA80034D23C /* Network.h */ = {isa = PBXFileReference; fileEncoding = 4; lastKnownFileType = sourcecode.c.h; path = Network.h; sourceTree = "<group>"; };
		61936C470DC86FA80034D23C /* Network.cpp */ = {isa = PBXFileReference; fileEncoding = 4; lastKnownFileType = sourcecode.cpp.cpp; path = Network.cpp; sourceTree = "<group>"; };
		61936CE90DC884570034D23C /* NetworkTestSuite.h */ = {isa = PBXFileReference; fileEncoding = 4; lastKnownFileType = sourcecode.c.h; name = NetworkTestSuite.h; path = test/node/NetworkTestSuite.h; sourceTree = "<group>"; };
		61FA165A0DCF06830056A7C6 /* TestNodes.h */ = {isa = PBXFileReference; fileEncoding = 4; lastKnownFileType = sourcecode.c.h; name = TestNodes.h; path = test/node/TestNodes.h; sourceTree = "<group>"; };
/* End PBXFileReference section */

/* Begin PBXFrameworksBuildPhase section */
		611EC23B0DC22A3C008BE1A1 /* Frameworks */ = {
			isa = PBXFrameworksBuildPhase;
			buildActionMask = 2147483647;
			files = (
				611EC3B30DC22E83008BE1A1 /* NodeCore.framework in Frameworks */,
			);
			runOnlyForDeploymentPostprocessing = 0;
		};
		611EC2B60DC22E66008BE1A1 /* Frameworks */ = {
			isa = PBXFrameworksBuildPhase;
			buildActionMask = 2147483647;
			files = (
				611EC3AC0DC22E7C008BE1A1 /* Python.framework in Frameworks */,
				611EC3AD0DC22E7C008BE1A1 /* QuartzCore.framework in Frameworks */,
				611EC3AE0DC22E7C008BE1A1 /* ApplicationServices.framework in Frameworks */,
				611EC3AF0DC22E7C008BE1A1 /* Cocoa.framework in Frameworks */,
				611EC3B00DC22E7C008BE1A1 /* Carbon.framework in Frameworks */,
			);
			runOnlyForDeploymentPostprocessing = 0;
		};
		611EC43A0DC24D23008BE1A1 /* Frameworks */ = {
			isa = PBXFrameworksBuildPhase;
			buildActionMask = 2147483647;
			files = (
				611EC4420DC24D33008BE1A1 /* NodeCore.framework in Frameworks */,
			);
			runOnlyForDeploymentPostprocessing = 0;
		};
/* End PBXFrameworksBuildPhase section */

/* Begin PBXGroup section */
		611EBF1E0DC20FB3008BE1A1 = {
			isa = PBXGroup;
			children = (
				611EBFAB0DC212DB008BE1A1 /* config.h */,
				611EBFAF0DC2142C008BE1A1 /* NodeCorePrefix.h */,
				611EBF840DC211C9008BE1A1 /* Info.plist */,
				611EC1700DC22963008BE1A1 /* api */,
				611EBF350DC2108B008BE1A1 /* graphics */,
				611EBF450DC2108B008BE1A1 /* node */,
				6155FFF70DDA02A100708CBC /* utils */,
				611EC16D0DC2288F008BE1A1 /* test */,
				616558290DC6296700AC5259 /* Resources */,
				611EBF9C0DC21200008BE1A1 /* Frameworks */,
				611EBF660DC210A8008BE1A1 /* Products */,
			);
			sourceTree = "<group>";
		};
		611EBF350DC2108B008BE1A1 /* graphics */ = {
			isa = PBXGroup;
			children = (
				611EBF360DC2108B008BE1A1 /* BezierPath.cpp */,
				611EBF370DC2108B008BE1A1 /* BezierPath.h */,
				611EBF380DC2108B008BE1A1 /* Canvas.cpp */,
				611EBF390DC2108B008BE1A1 /* Canvas.h */,
				611EBF3A0DC2108B008BE1A1 /* Grob.cpp */,
				611EBF3B0DC2108B008BE1A1 /* Grob.h */,
				616557A10DC61E9100AC5259 /* Image.h */,
				616557A20DC61E9100AC5259 /* Image.cpp */,
				611EBF3C0DC2108B008BE1A1 /* PathElement.cpp */,
				611EBF3D0DC2108B008BE1A1 /* PathElement.h */,
				611EBF3E0DC2108B008BE1A1 /* Point.cpp */,
				611EBF3F0DC2108B008BE1A1 /* Point.h */,
				611EBF400DC2108B008BE1A1 /* Rect.cpp */,
				611EBF410DC2108B008BE1A1 /* Rect.h */,
				611EBF420DC2108B008BE1A1 /* Transform.cpp */,
				611EBF430DC2108B008BE1A1 /* Transform.h */,
				611EBF440DC2108B008BE1A1 /* Utils.h */,
				611EC0320DC21845008BE1A1 /* Exceptions.h */,
				618C8BE00DE832E30096A514 /* Color.h */,
				618C8BE10DE832E30096A514 /* Color.cpp */,
			);
			path = graphics;
			sourceTree = "<group>";
		};
		611EBF450DC2108B008BE1A1 /* node */ = {
			isa = PBXGroup;
			children = (
				61796F9C0DC7694E00CD8DC9 /* CanvasNode.h */,
				61796F9D0DC7694E00CD8DC9 /* CanvasNode.cpp */,
				611EBF460DC2108B008BE1A1 /* Connection.cpp */,
				611EBF470DC2108B008BE1A1 /* Connection.h */,
				611EBF480DC2108B008BE1A1 /* Field.cpp */,
				611EBF490DC2108B008BE1A1 /* Field.h */,
				61936C460DC86FA80034D23C /* Network.h */,
				61936C470DC86FA80034D23C /* Network.cpp */,
				611EBF500DC2108B008BE1A1 /* Node.cpp */,
				611EBF510DC2108B008BE1A1 /* Node.h */,
				611EBF520DC2108B008BE1A1 /* NodeInfo.cpp */,
				611EBF530DC2108B008BE1A1 /* NodeInfo.h */,
				611EBF540DC2108B008BE1A1 /* NodeLibrary.cpp */,
				611EBF550DC2108B008BE1A1 /* NodeLibrary.h */,
				611EBF560DC2108B008BE1A1 /* NodeLibraryManager.cpp */,
				611EBF570DC2108B008BE1A1 /* NodeLibraryManager.h */,
				611EBF5A0DC2108B008BE1A1 /* posixutils.cpp */,
				611EBF5B0DC2108B008BE1A1 /* posixutils.h */,
				611EBF5C0DC2108B008BE1A1 /* PythonNode.cpp */,
				611EBF5D0DC2108B008BE1A1 /* PythonNode.h */,
			);
			path = node;
			sourceTree = "<group>";
		};
		611EBF660DC210A8008BE1A1 /* Products */ = {
			isa = PBXGroup;
			children = (
				611EC23D0DC22A3C008BE1A1 /* testpdf */,
				611EC2B80DC22E66008BE1A1 /* NodeCore.framework */,
				611EC43C0DC24D23008BE1A1 /* unittest */,
			);
			name = Products;
			sourceTree = "<group>";
		};
		611EBF9C0DC21200008BE1A1 /* Frameworks */ = {
			isa = PBXGroup;
			children = (
				611EC0DD0DC2223C008BE1A1 /* Python.framework */,
				611EBFA30DC21240008BE1A1 /* QuartzCore.framework */,
				611EBFA10DC2122E008BE1A1 /* ApplicationServices.framework */,
				611EBF9F0DC2121B008BE1A1 /* Cocoa.framework */,
				611EBF9D0DC21210008BE1A1 /* Carbon.framework */,
			);
			name = Frameworks;
			sourceTree = "<group>";
		};
		611EC16D0DC2288F008BE1A1 /* test */ = {
			isa = PBXGroup;
			children = (
				611EC53D0DC25749008BE1A1 /* cpptest */,
				611EC4860DC24E4E008BE1A1 /* graphics */,
				611EC5680DC25D8C008BE1A1 /* node */,
				615500090DDA02FE00708CBC /* util */,
				611EC4840DC24E0A008BE1A1 /* unittest.cpp */,
				611EC16E0DC228CF008BE1A1 /* testpdf.cpp */,
			);
			name = test;
			sourceTree = "<group>";
		};
		611EC1700DC22963008BE1A1 /* api */ = {
			isa = PBXGroup;
			children = (
				611EC2370DC2297B008BE1A1 /* NodeCore.h */,
			);
			name = api;
			sourceTree = "<group>";
		};
		611EC4860DC24E4E008BE1A1 /* graphics */ = {
			isa = PBXGroup;
			children = (
				611EC4870DC24E63008BE1A1 /* BezierPathTestSuite.h */,
				611EC4F20DC25366008BE1A1 /* CanvasTestSuite.h */,
				618C8D8A0DE875900096A514 /* ImageTestSuite.h */,
				611EC5EF0DC267D9008BE1A1 /* PathElementTestSuite.h */,
				618C8E230DE87C860096A514 /* RectTestSuite.h */,
			);
			name = graphics;
			sourceTree = "<group>";
		};
		611EC53D0DC25749008BE1A1 /* cpptest */ = {
			isa = PBXGroup;
			children = (
				611EC53F0DC2575B008BE1A1 /* utils.h */,
				611EC5400DC2575B008BE1A1 /* utils.cpp */,
				611EC5410DC2575B008BE1A1 /* suite.cpp */,
				611EC5420DC2575B008BE1A1 /* textoutput.cpp */,
				611EC5430DC2575B008BE1A1 /* time.cpp */,
				611EC5440DC2575B008BE1A1 /* missing.cpp */,
				611EC5450DC2575B008BE1A1 /* missing.h */,
				611EC5460DC2575B008BE1A1 /* source.cpp */,
				611EC5470DC2575B008BE1A1 /* cpptest.h */,
				611EC5480DC2575B008BE1A1 /* htmloutput.cpp */,
				611EC5490DC2575B008BE1A1 /* cpptest-source.h */,
				611EC54A0DC2575B008BE1A1 /* cpptest-suite.h */,
				611EC54B0DC2575B008BE1A1 /* cpptest-textoutput.h */,
				611EC54C0DC2575B008BE1A1 /* cpptest-time.h */,
				611EC54D0DC2575B008BE1A1 /* cpptest-collectoroutput.h */,
				611EC54E0DC2575B008BE1A1 /* cpptest-compileroutput.h */,
				611EC54F0DC2575B008BE1A1 /* cpptest-htmloutput.h */,
				611EC5500DC2575B008BE1A1 /* cpptest-output.h */,
				611EC5510DC2575B008BE1A1 /* collectoroutput.cpp */,
				611EC5520DC2575B008BE1A1 /* compileroutput.cpp */,
				611EC5530DC2575B008BE1A1 /* cpptest-assert.h */,
			);
			name = cpptest;
			sourceTree = "<group>";
		};
		611EC5680DC25D8C008BE1A1 /* node */ = {
			isa = PBXGroup;
			children = (
				61FA165A0DCF06830056A7C6 /* TestNodes.h */,
				61796FB30DC76EDC00CD8DC9 /* CanvasNodeTestSuite.h */,
				611EC5690DC25DCB008BE1A1 /* ConnectTestSuite.h */,
				611EC5860DC26042008BE1A1 /* FieldTestSuite.h */,
				611EC59D0DC26100008BE1A1 /* NodeTestSuite.h */,
				61936CE90DC884570034D23C /* NetworkTestSuite.h */,
			);
			name = node;
			sourceTree = "<group>";
		};
		615500090DDA02FE00708CBC /* util */ = {
			isa = PBXGroup;
			children = (
				6155000A0DDA02FE00708CBC /* StringUtilsTestSuite.h */,
			);
			name = util;
			path = test/util;
			sourceTree = "<group>";
		};
		6155FFF70DDA02A100708CBC /* utils */ = {
			isa = PBXGroup;
			children = (
				615500050DDA02D300708CBC /* stringutils.cpp */,
				615500060DDA02D300708CBC /* stringutils.h */,
			);
			name = utils;
			sourceTree = "<group>";
		};
		616558290DC6296700AC5259 /* Resources */ = {
			isa = PBXGroup;
			children = (
				6165582B0DC6297600AC5259 /* nodeboxicon.png */,
				618C8DB00DE876770096A514 /* testimage.png */,
			);
			name = Resources;
			sourceTree = "<group>";
		};
/* End PBXGroup section */

/* Begin PBXHeadersBuildPhase section */
		611EC2B30DC22E66008BE1A1 /* Headers */ = {
			isa = PBXHeadersBuildPhase;
			buildActionMask = 2147483647;
			files = (
				611EC3B40DC22E91008BE1A1 /* NodeCore.h in Headers */,
				611EC3B50DC22EA4008BE1A1 /* Connection.h in Headers */,
				611EC3B60DC22EA4008BE1A1 /* Field.h in Headers */,
				616557A30DC61E9100AC5259 /* Image.h in Headers */,
				61936C480DC86FA80034D23C /* Network.h in Headers */,
				611EC3BA0DC22EA4008BE1A1 /* Node.h in Headers */,
				611EC3BB0DC22EA4008BE1A1 /* NodeInfo.h in Headers */,
				611EC3BC0DC22EA4008BE1A1 /* NodeLibrary.h in Headers */,
				611EC3BD0DC22EA4008BE1A1 /* NodeLibraryManager.h in Headers */,
				611EC3BE0DC22EA4008BE1A1 /* posixutils.h in Headers */,
				611EC3BF0DC22EA4008BE1A1 /* PythonNode.h in Headers */,
				611EC3C10DC22EB9008BE1A1 /* BezierPath.h in Headers */,
				611EC3C20DC22EB9008BE1A1 /* Canvas.h in Headers */,
				611EC3C30DC22EB9008BE1A1 /* Grob.h in Headers */,
				611EC3C40DC22EB9008BE1A1 /* PathElement.h in Headers */,
				611EC3C50DC22EB9008BE1A1 /* Point.h in Headers */,
				611EC3C60DC22EB9008BE1A1 /* Rect.h in Headers */,
				611EC3C70DC22EB9008BE1A1 /* Transform.h in Headers */,
				611EC3C80DC22EB9008BE1A1 /* Utils.h in Headers */,
				611EC3C90DC22EB9008BE1A1 /* Exceptions.h in Headers */,
				61796F9E0DC7694E00CD8DC9 /* CanvasNode.h in Headers */,
				615500080DDA02D300708CBC /* stringutils.h in Headers */,
				618C8BE20DE832E30096A514 /* Color.h in Headers */,
				618C8D8B0DE875900096A514 /* ImageTestSuite.h in Headers */,
			);
			runOnlyForDeploymentPostprocessing = 0;
		};
/* End PBXHeadersBuildPhase section */

/* Begin PBXNativeTarget section */
		611EC23C0DC22A3C008BE1A1 /* testpdf */ = {
			isa = PBXNativeTarget;
			buildConfigurationList = 611EC2490DC22A81008BE1A1 /* Build configuration list for PBXNativeTarget "testpdf" */;
			buildPhases = (
				611EC23A0DC22A3C008BE1A1 /* Sources */,
				611EC23B0DC22A3C008BE1A1 /* Frameworks */,
				616558260DC6290700AC5259 /* CopyFiles */,
			);
			buildRules = (
			);
			dependencies = (
				611EC3B20DC22E7F008BE1A1 /* PBXTargetDependency */,
			);
			name = testpdf;
			productName = testpdf;
			productReference = 611EC23D0DC22A3C008BE1A1 /* testpdf */;
			productType = "com.apple.product-type.tool";
		};
		611EC2B70DC22E66008BE1A1 /* NodeCore */ = {
			isa = PBXNativeTarget;
			buildConfigurationList = 611EC2BC0DC22E67008BE1A1 /* Build configuration list for PBXNativeTarget "NodeCore" */;
			buildPhases = (
				611EC2B30DC22E66008BE1A1 /* Headers */,
				611EC2B40DC22E66008BE1A1 /* Resources */,
				611EC2B50DC22E66008BE1A1 /* Sources */,
				611EC2B60DC22E66008BE1A1 /* Frameworks */,
			);
			buildRules = (
			);
			dependencies = (
			);
			name = NodeCore;
			productName = NodeCore;
			productReference = 611EC2B80DC22E66008BE1A1 /* NodeCore.framework */;
			productType = "com.apple.product-type.framework";
		};
		611EC43B0DC24D23008BE1A1 /* unittest */ = {
			isa = PBXNativeTarget;
			buildConfigurationList = 611EC4790DC24D43008BE1A1 /* Build configuration list for PBXNativeTarget "unittest" */;
			buildPhases = (
				611EC4390DC24D23008BE1A1 /* Sources */,
				611EC43A0DC24D23008BE1A1 /* Frameworks */,
				618C8DB10DE876770096A514 /* CopyFiles */,
			);
			buildRules = (
			);
			dependencies = (
				611EC4410DC24D30008BE1A1 /* PBXTargetDependency */,
			);
			name = unittest;
			productName = unittest;
			productReference = 611EC43C0DC24D23008BE1A1 /* unittest */;
			productType = "com.apple.product-type.tool";
		};
/* End PBXNativeTarget section */

/* Begin PBXProject section */
		611EBF200DC20FB3008BE1A1 /* Project object */ = {
			isa = PBXProject;
			buildConfigurationList = 611EBF230DC20FB3008BE1A1 /* Build configuration list for PBXProject "NodeCore" */;
			compatibilityVersion = "Xcode 2.4";
			hasScannedForEncodings = 0;
			mainGroup = 611EBF1E0DC20FB3008BE1A1;
			productRefGroup = 611EBF660DC210A8008BE1A1 /* Products */;
			projectDirPath = "";
			projectRoot = "";
			targets = (
				611EC2B70DC22E66008BE1A1 /* NodeCore */,
				611EC23C0DC22A3C008BE1A1 /* testpdf */,
				611EC43B0DC24D23008BE1A1 /* unittest */,
			);
		};
/* End PBXProject section */

/* Begin PBXResourcesBuildPhase section */
		611EC2B40DC22E66008BE1A1 /* Resources */ = {
			isa = PBXResourcesBuildPhase;
			buildActionMask = 2147483647;
			files = (
			);
			runOnlyForDeploymentPostprocessing = 0;
		};
/* End PBXResourcesBuildPhase section */

/* Begin PBXSourcesBuildPhase section */
		611EC23A0DC22A3C008BE1A1 /* Sources */ = {
			isa = PBXSourcesBuildPhase;
			buildActionMask = 2147483647;
			files = (
				611EC2440DC22A52008BE1A1 /* testpdf.cpp in Sources */,
			);
			runOnlyForDeploymentPostprocessing = 0;
		};
		611EC2B50DC22E66008BE1A1 /* Sources */ = {
			isa = PBXSourcesBuildPhase;
			buildActionMask = 2147483647;
			files = (
				611EC3CA0DC22ED6008BE1A1 /* BezierPath.cpp in Sources */,
				611EC3CB0DC22ED6008BE1A1 /* Canvas.cpp in Sources */,
				611EC3CC0DC22ED6008BE1A1 /* Grob.cpp in Sources */,
				611EC3CD0DC22ED6008BE1A1 /* PathElement.cpp in Sources */,
				611EC3CE0DC22ED6008BE1A1 /* Point.cpp in Sources */,
				611EC3CF0DC22ED6008BE1A1 /* Rect.cpp in Sources */,
				611EC3D00DC22ED6008BE1A1 /* Transform.cpp in Sources */,
				611EC3D10DC22ED6008BE1A1 /* Connection.cpp in Sources */,
				611EC3D20DC22ED6008BE1A1 /* Field.cpp in Sources */,
				611EC3D60DC22ED6008BE1A1 /* Node.cpp in Sources */,
				611EC3D70DC22ED6008BE1A1 /* NodeInfo.cpp in Sources */,
				611EC3D80DC22ED6008BE1A1 /* NodeLibrary.cpp in Sources */,
				611EC3D90DC22ED6008BE1A1 /* NodeLibraryManager.cpp in Sources */,
				611EC3DA0DC22ED6008BE1A1 /* posixutils.cpp in Sources */,
				611EC3DB0DC22ED6008BE1A1 /* PythonNode.cpp in Sources */,
				616557A40DC61E9100AC5259 /* Image.cpp in Sources */,
				61796F9F0DC7694E00CD8DC9 /* CanvasNode.cpp in Sources */,
				61936C490DC86FA80034D23C /* Network.cpp in Sources */,
				615500070DDA02D300708CBC /* stringutils.cpp in Sources */,
				618C8BE30DE832E30096A514 /* Color.cpp in Sources */,
			);
			runOnlyForDeploymentPostprocessing = 0;
		};
		611EC4390DC24D23008BE1A1 /* Sources */ = {
			isa = PBXSourcesBuildPhase;
			buildActionMask = 2147483647;
			files = (
				611EC4850DC24E0A008BE1A1 /* unittest.cpp in Sources */,
				611EC5540DC2575B008BE1A1 /* utils.cpp in Sources */,
				611EC5550DC2575B008BE1A1 /* suite.cpp in Sources */,
				611EC5560DC2575B008BE1A1 /* textoutput.cpp in Sources */,
				611EC5570DC2575B008BE1A1 /* time.cpp in Sources */,
				611EC5580DC2575B008BE1A1 /* missing.cpp in Sources */,
				611EC5590DC2575B008BE1A1 /* source.cpp in Sources */,
				611EC55A0DC2575B008BE1A1 /* htmloutput.cpp in Sources */,
				611EC55B0DC2575B008BE1A1 /* collectoroutput.cpp in Sources */,
				611EC55C0DC2575B008BE1A1 /* compileroutput.cpp in Sources */,
			);
			runOnlyForDeploymentPostprocessing = 0;
		};
/* End PBXSourcesBuildPhase section */

/* Begin PBXTargetDependency section */
		611EC3B20DC22E7F008BE1A1 /* PBXTargetDependency */ = {
			isa = PBXTargetDependency;
			target = 611EC2B70DC22E66008BE1A1 /* NodeCore */;
			targetProxy = 611EC3B10DC22E7F008BE1A1 /* PBXContainerItemProxy */;
		};
		611EC4410DC24D30008BE1A1 /* PBXTargetDependency */ = {
			isa = PBXTargetDependency;
			target = 611EC2B70DC22E66008BE1A1 /* NodeCore */;
			targetProxy = 611EC4400DC24D30008BE1A1 /* PBXContainerItemProxy */;
		};
/* End PBXTargetDependency section */

/* Begin XCBuildConfiguration section */
		611EBF210DC20FB3008BE1A1 /* Debug */ = {
			isa = XCBuildConfiguration;
			buildSettings = {
				COPY_PHASE_STRIP = NO;
				GCC_C_LANGUAGE_STANDARD = gnu99;
				GCC_PRECOMPILE_PREFIX_HEADER = YES;
				GCC_PREFIX_HEADER = NodeCorePrefix.h;
			};
			name = Debug;
		};
		611EBF220DC20FB3008BE1A1 /* Release */ = {
			isa = XCBuildConfiguration;
			buildSettings = {
				COPY_PHASE_STRIP = YES;
			};
			name = Release;
		};
		611EC23F0DC22A3D008BE1A1 /* Debug */ = {
			isa = XCBuildConfiguration;
			buildSettings = {
				ALWAYS_SEARCH_USER_PATHS = NO;
				ARCHS = "$(ARCHS_STANDARD_32_BIT_PRE_XCODE_3_1)";
				ARCHS_STANDARD_32_BIT_PRE_XCODE_3_1 = "ppc i386";
				COPY_PHASE_STRIP = NO;
				FRAMEWORK_SEARCH_PATHS = (
					"$(inherited)",
					"$(FRAMEWORK_SEARCH_PATHS_QUOTED_FOR_TARGET_1)",
				);
				FRAMEWORK_SEARCH_PATHS_QUOTED_FOR_TARGET_1 = "\"$(SRCROOT)/build/Debug\"";
				GCC_DYNAMIC_NO_PIC = NO;
				GCC_ENABLE_FIX_AND_CONTINUE = YES;
				GCC_MODEL_TUNING = G5;
				GCC_OPTIMIZATION_LEVEL = 0;
				INSTALL_PATH = /usr/local/bin;
				PREBINDING = NO;
				PRODUCT_NAME = testpdf;
			};
			name = Debug;
		};
		611EC2400DC22A3D008BE1A1 /* Release */ = {
			isa = XCBuildConfiguration;
			buildSettings = {
				ALWAYS_SEARCH_USER_PATHS = NO;
				ARCHS = "$(ARCHS_STANDARD_32_BIT_PRE_XCODE_3_1)";
				ARCHS_STANDARD_32_BIT_PRE_XCODE_3_1 = "ppc i386";
				COPY_PHASE_STRIP = YES;
				DEBUG_INFORMATION_FORMAT = "dwarf-with-dsym";
				FRAMEWORK_SEARCH_PATHS = (
					"$(inherited)",
					"$(FRAMEWORK_SEARCH_PATHS_QUOTED_FOR_TARGET_1)",
				);
				FRAMEWORK_SEARCH_PATHS_QUOTED_FOR_TARGET_1 = "\"$(SRCROOT)/build/Debug\"";
				GCC_ENABLE_FIX_AND_CONTINUE = NO;
				GCC_MODEL_TUNING = G5;
				INSTALL_PATH = /usr/local/bin;
				PREBINDING = NO;
				PRODUCT_NAME = testpdf;
				ZERO_LINK = NO;
			};
			name = Release;
		};
		611EC2BA0DC22E67008BE1A1 /* Debug */ = {
			isa = XCBuildConfiguration;
			buildSettings = {
				ALWAYS_SEARCH_USER_PATHS = NO;
				ARCHS = "$(ARCHS_STANDARD_32_BIT_PRE_XCODE_3_1)";
				ARCHS_STANDARD_32_BIT_PRE_XCODE_3_1 = "ppc i386";
				COPY_PHASE_STRIP = NO;
				DYLIB_COMPATIBILITY_VERSION = 1;
				DYLIB_CURRENT_VERSION = 1;
				FRAMEWORK_VERSION = A;
				GCC_C_LANGUAGE_STANDARD = gnu99;
				GCC_DYNAMIC_NO_PIC = NO;
				GCC_ENABLE_FIX_AND_CONTINUE = YES;
				GCC_MODEL_TUNING = G5;
				GCC_OPTIMIZATION_LEVEL = 0;
				GCC_PRECOMPILE_PREFIX_HEADER = YES;
				GCC_PREFIX_HEADER = NodeCorePrefix.h;
				GCC_WARN_64_TO_32_BIT_CONVERSION = YES;
				GCC_WARN_ABOUT_RETURN_TYPE = YES;
				GCC_WARN_CHECK_SWITCH_STATEMENTS = YES;
				GCC_WARN_EFFECTIVE_CPLUSPLUS_VIOLATIONS = YES;
				GCC_WARN_FOUR_CHARACTER_CONSTANTS = YES;
				GCC_WARN_HIDDEN_VIRTUAL_FUNCTIONS = YES;
				GCC_WARN_INITIALIZER_NOT_FULLY_BRACKETED = YES;
				GCC_WARN_MISSING_PARENTHESES = YES;
				GCC_WARN_SHADOW = YES;
				GCC_WARN_SIGN_COMPARE = YES;
				GCC_WARN_TYPECHECK_CALLS_TO_PRINTF = YES;
				GCC_WARN_UNUSED_VARIABLE = YES;
				INFOPLIST_FILE = Info.plist;
				INSTALL_PATH = "@executable_path/../Frameworks";
				OTHER_CFLAGS = "-ObjC++";
				OTHER_LDFLAGS = "";
				PREBINDING = NO;
				PRODUCT_NAME = NodeCore;
				WARNING_CFLAGS = "-Wall";
			};
			name = Debug;
		};
		611EC2BB0DC22E67008BE1A1 /* Release */ = {
			isa = XCBuildConfiguration;
			buildSettings = {
				ALWAYS_SEARCH_USER_PATHS = NO;
				ARCHS = "$(ARCHS_STANDARD_32_BIT_PRE_XCODE_3_1)";
				ARCHS_STANDARD_32_BIT_PRE_XCODE_3_1 = "ppc i386";
				COPY_PHASE_STRIP = YES;
				DEBUG_INFORMATION_FORMAT = "dwarf-with-dsym";
				DYLIB_COMPATIBILITY_VERSION = 1;
				DYLIB_CURRENT_VERSION = 1;
				FRAMEWORK_VERSION = A;
				GCC_C_LANGUAGE_STANDARD = "compiler-default";
				GCC_ENABLE_FIX_AND_CONTINUE = NO;
				GCC_MODEL_TUNING = G5;
				GCC_PRECOMPILE_PREFIX_HEADER = YES;
				GCC_PREFIX_HEADER = NodeCorePrefix.h;
				GCC_WARN_64_TO_32_BIT_CONVERSION = YES;
				GCC_WARN_ABOUT_RETURN_TYPE = YES;
				GCC_WARN_CHECK_SWITCH_STATEMENTS = YES;
				GCC_WARN_EFFECTIVE_CPLUSPLUS_VIOLATIONS = YES;
				GCC_WARN_FOUR_CHARACTER_CONSTANTS = YES;
				GCC_WARN_HIDDEN_VIRTUAL_FUNCTIONS = YES;
				GCC_WARN_INITIALIZER_NOT_FULLY_BRACKETED = NO;
				GCC_WARN_MISSING_PARENTHESES = YES;
				GCC_WARN_SHADOW = YES;
				GCC_WARN_SIGN_COMPARE = YES;
				GCC_WARN_TYPECHECK_CALLS_TO_PRINTF = YES;
				GCC_WARN_UNUSED_VARIABLE = YES;
				INFOPLIST_FILE = Info.plist;
				OTHER_CFLAGS = "-objectivec";
				OTHER_LDFLAGS = "";
				PREBINDING = NO;
				PRODUCT_NAME = NodeCore;
				WARNING_CFLAGS = "-Wall";
				ZERO_LINK = NO;
			};
			name = Release;
		};
		611EC43E0DC24D23008BE1A1 /* Debug */ = {
			isa = XCBuildConfiguration;
			buildSettings = {
				ALWAYS_SEARCH_USER_PATHS = NO;
				ARCHS = "$(ARCHS_STANDARD_32_BIT_PRE_XCODE_3_1)";
				ARCHS_STANDARD_32_BIT_PRE_XCODE_3_1 = "ppc i386";
				COPY_PHASE_STRIP = NO;
				GCC_DYNAMIC_NO_PIC = NO;
				GCC_ENABLE_FIX_AND_CONTINUE = YES;
				GCC_MODEL_TUNING = G5;
				GCC_OPTIMIZATION_LEVEL = 0;
				HEADER_SEARCH_PATHS = test/cpptest/src;
				INSTALL_PATH = /usr/local/bin;
				PREBINDING = NO;
				PRODUCT_NAME = unittest;
			};
			name = Debug;
		};
		611EC43F0DC24D23008BE1A1 /* Release */ = {
			isa = XCBuildConfiguration;
			buildSettings = {
				ALWAYS_SEARCH_USER_PATHS = NO;
				ARCHS = "$(ARCHS_STANDARD_32_BIT_PRE_XCODE_3_1)";
				ARCHS_STANDARD_32_BIT_PRE_XCODE_3_1 = "ppc i386";
				COPY_PHASE_STRIP = YES;
				DEBUG_INFORMATION_FORMAT = "dwarf-with-dsym";
				GCC_ENABLE_FIX_AND_CONTINUE = NO;
				GCC_MODEL_TUNING = G5;
				HEADER_SEARCH_PATHS = test/cpptest/src;
				INSTALL_PATH = /usr/local/bin;
				PREBINDING = NO;
				PRODUCT_NAME = unittest;
				ZERO_LINK = NO;
			};
			name = Release;
		};
/* End XCBuildConfiguration section */

/* Begin XCConfigurationList section */
		611EBF230DC20FB3008BE1A1 /* Build configuration list for PBXProject "NodeCore" */ = {
			isa = XCConfigurationList;
			buildConfigurations = (
				611EBF210DC20FB3008BE1A1 /* Debug */,
				611EBF220DC20FB3008BE1A1 /* Release */,
			);
			defaultConfigurationIsVisible = 0;
			defaultConfigurationName = Release;
		};
		611EC2490DC22A81008BE1A1 /* Build configuration list for PBXNativeTarget "testpdf" */ = {
			isa = XCConfigurationList;
			buildConfigurations = (
				611EC23F0DC22A3D008BE1A1 /* Debug */,
				611EC2400DC22A3D008BE1A1 /* Release */,
			);
			defaultConfigurationIsVisible = 0;
			defaultConfigurationName = Release;
		};
		611EC2BC0DC22E67008BE1A1 /* Build configuration list for PBXNativeTarget "NodeCore" */ = {
			isa = XCConfigurationList;
			buildConfigurations = (
				611EC2BA0DC22E67008BE1A1 /* Debug */,
				611EC2BB0DC22E67008BE1A1 /* Release */,
			);
			defaultConfigurationIsVisible = 0;
			defaultConfigurationName = Release;
		};
		611EC4790DC24D43008BE1A1 /* Build configuration list for PBXNativeTarget "unittest" */ = {
			isa = XCConfigurationList;
			buildConfigurations = (
				611EC43E0DC24D23008BE1A1 /* Debug */,
				611EC43F0DC24D23008BE1A1 /* Release */,
			);
			defaultConfigurationIsVisible = 0;
			defaultConfigurationName = Release;
		};
/* End XCConfigurationList section */
	};
	rootObject = 611EBF200DC20FB3008BE1A1 /* Project object */;
}
