// !$*UTF8*$!
{
	archiveVersion = 1;
	classes = {
	};
	objectVersion = 42;
	objects = {

/* Begin PBXBuildFile section */
		023B1D1CBF17DC3D28438A71 /* moc_ParameterType.cpp in Build Sources */ = {isa = PBXBuildFile; fileRef = 0FBFBE30AC0DBDAAD88DD744 /* moc_ParameterType.cpp */; settings = {ATTRIBUTES = (); }; };
		029F25C65050335D3CD9A860 /* NodeLibraryManager.cpp in Build Sources */ = {isa = PBXBuildFile; fileRef = 479D0049275DF5DE561504A6 /* NodeLibraryManager.cpp */; settings = {ATTRIBUTES = (); }; };
		069D05B0128AE5DC7EE31738 /* QtCore.framework in Frameworks & Libraries */ = {isa = PBXBuildFile; fileRef = 7BC2E65A5E699A5E5D834CA2 /* QtCore.framework */; };
		0D05B8C66330F73F89F4E7AF /* moc_NodeLibraryManager.cpp in Build Sources */ = {isa = PBXBuildFile; fileRef = 961BE1403013094EC293F0BB /* moc_NodeLibraryManager.cpp */; settings = {ATTRIBUTES = (); }; };
		165BB658F8091A455D0D2FBD /* NodeType.cpp in Build Sources */ = {isa = PBXBuildFile; fileRef = 8BA9EC4752434417691F5768 /* NodeType.cpp */; settings = {ATTRIBUTES = (); }; };
		344BAA9609E60D5136D7F5AE /* Parameter.cpp in Build Sources */ = {isa = PBXBuildFile; fileRef = 2EA0D9A71BCFC2932851E7D3 /* Parameter.cpp */; settings = {ATTRIBUTES = (); }; };
		39483BA668E9F472F5ADE2BB /* moc_NodeType.cpp in Build Sources */ = {isa = PBXBuildFile; fileRef = F7A6232F779954BEF265F66F /* moc_NodeType.cpp */; settings = {ATTRIBUTES = (); }; };
		39E0248E5F349943BD0AEA88 /* moc_NodeLibrary.cpp in Build Sources */ = {isa = PBXBuildFile; fileRef = EE82E9963E04FDE61D001F29 /* moc_NodeLibrary.cpp */; settings = {ATTRIBUTES = (); }; };
		3CC6E237CE0D1D1DDA25D6BA /* moc_Network.cpp in Build Sources */ = {isa = PBXBuildFile; fileRef = C90E6F26BEC24AD72D9AD039 /* moc_Network.cpp */; settings = {ATTRIBUTES = (); }; };
		4FD7D5D32FE9BAAE17AE2453 /* Network.cpp in Build Sources */ = {isa = PBXBuildFile; fileRef = AC28CE1F807C26308D3AFA30 /* Network.cpp */; settings = {ATTRIBUTES = (); }; };
		50E6FEE9D7D53ED58DB8C748 /* ParameterType.cpp in Build Sources */ = {isa = PBXBuildFile; fileRef = 6E57205B38D9FA0C87E1F4EA /* ParameterType.cpp */; settings = {ATTRIBUTES = (); }; };
		6159CA950ECA0934008850A5 /* libNodeCore.dylib in Project Copy */ = {isa = PBXBuildFile; fileRef = 6159CA930ECA0934008850A5 /* libNodeCore.dylib */; };
		628E07F0740EFC9A5DC7A297 /* TypesHandler.cpp in Build Sources */ = {isa = PBXBuildFile; fileRef = 705DE89B276F3B154367162C /* TypesHandler.cpp */; settings = {ATTRIBUTES = (); }; };
		8C83B5A1AC69C985994B563D /* Node.cpp in Build Sources */ = {isa = PBXBuildFile; fileRef = 271F927DE1C2BFD1A55373C3 /* Node.cpp */; settings = {ATTRIBUTES = (); }; };
		93723DC9089F9946EF6C42CB /* NodeLibraryVersion.cpp in Build Sources */ = {isa = PBXBuildFile; fileRef = CD227DABE627E7C0959ACE32 /* NodeLibraryVersion.cpp */; settings = {ATTRIBUTES = (); }; };
		9FE28B69FC86DE02F2703D6B /* moc_Connection.cpp in Build Sources */ = {isa = PBXBuildFile; fileRef = 9F0A4D06B17B3538CF007072 /* moc_Connection.cpp */; settings = {ATTRIBUTES = (); }; };
		A66690F57D2E691CB6371F4C /* NodeLibrary.cpp in Build Sources */ = {isa = PBXBuildFile; fileRef = F09CB15E3B4C0BB4F377886C /* NodeLibrary.cpp */; settings = {ATTRIBUTES = (); }; };
		A8C499012FEA31706393098F /* OutputParameter.cpp in Build Sources */ = {isa = PBXBuildFile; fileRef = 52DDF3AACF0D936EB0AF034B /* OutputParameter.cpp */; settings = {ATTRIBUTES = (); }; };
		ACBB61093F127622ACD507EC /* posixutils.cpp in Build Sources */ = {isa = PBXBuildFile; fileRef = 7089F21D83978E05A54C0CA0 /* posixutils.cpp */; settings = {ATTRIBUTES = (); }; };
		B182B18C810199623B2388B2 /* moc_Parameter.cpp in Build Sources */ = {isa = PBXBuildFile; fileRef = B68B68B763B98A6F8AF560FE /* moc_Parameter.cpp */; settings = {ATTRIBUTES = (); }; };
		B2895BFB317D9D0E49E2304A /* moc_Node.cpp in Build Sources */ = {isa = PBXBuildFile; fileRef = 84D106FC30279D3F41E8EDE7 /* moc_Node.cpp */; settings = {ATTRIBUTES = (); }; };
		B557BCE0C6EF0BDC35561DD2 /* Connection.cpp in Build Sources */ = {isa = PBXBuildFile; fileRef = D462FDC5F58607C5094A10B0 /* Connection.cpp */; settings = {ATTRIBUTES = (); }; };
		C2643FEB592DBFD1429BE4E1 /* QtXml.framework in Frameworks & Libraries */ = {isa = PBXBuildFile; fileRef = 8EE92F8FA333C9E415C5B34E /* QtXml.framework */; };
		D4C50667688F7C41A74D41AC /* moc_OutputParameter.cpp in Build Sources */ = {isa = PBXBuildFile; fileRef = CC8FF03DBC7A394248EA242C /* moc_OutputParameter.cpp */; settings = {ATTRIBUTES = (); }; };
		F9E76E570E10AF14870553A7 /* ApplicationServices.framework in Frameworks & Libraries */ = {isa = PBXBuildFile; fileRef = 27AE7A480FD6C52FCA80FECD /* ApplicationServices.framework */; };
		FA4EB477BC2C58FB0934CE07 /* QtScript.framework in Frameworks & Libraries */ = {isa = PBXBuildFile; fileRef = 211E167C6D84B224E0231D07 /* QtScript.framework */; };
/* End PBXBuildFile section */

/* Begin PBXCopyFilesBuildPhase section */
		F6069D5A5DA8AA28EDB8B3C6 /* Project Copy */ = {
			isa = PBXCopyFilesBuildPhase;
			buildActionMask = 2147483647;
			dstPath = /Users/fdb/Projects/nodebox2/NodeCore;
			dstSubfolderSpec = 0;
			files = (
				6159CA950ECA0934008850A5 /* libNodeCore.dylib in Project Copy */,
			);
			name = "Project Copy";
			runOnlyForDeploymentPostprocessing = 0;
		};
/* End PBXCopyFilesBuildPhase section */

/* Begin PBXFileReference section */
		03A6E949324707B6C3B53E31 /* OutputParameter.h */ = {isa = PBXFileReference; lastKnownFileType = sourcecode.c.h; name = OutputParameter.h; path = node/OutputParameter.h; sourceTree = "<group>"; };
		06746FE4F88EAA9DBAE8975F /* ParameterType.h */ = {isa = PBXFileReference; lastKnownFileType = sourcecode.c.h; name = ParameterType.h; path = node/ParameterType.h; sourceTree = "<group>"; };
		06F57C4E81C45065549CA4C2 /* Node.h */ = {isa = PBXFileReference; lastKnownFileType = sourcecode.c.h; name = Node.h; path = node/Node.h; sourceTree = "<group>"; };
		0FBFBE30AC0DBDAAD88DD744 /* moc_ParameterType.cpp */ = {isa = PBXFileReference; lastKnownFileType = sourcecode.cpp.cpp; path = moc_ParameterType.cpp; sourceTree = "<group>"; };
		152722239486F1F849F6DF66 /* posixutils.h */ = {isa = PBXFileReference; lastKnownFileType = sourcecode.c.h; name = posixutils.h; path = node/posixutils.h; sourceTree = "<group>"; };
		1BF221E67791AC6A3378E186 /* NodeType.h */ = {isa = PBXFileReference; lastKnownFileType = sourcecode.c.h; name = NodeType.h; path = node/NodeType.h; sourceTree = "<group>"; };
		1CF94696C0D8BAF6FF45ADAF /* Connection.h */ = {isa = PBXFileReference; lastKnownFileType = sourcecode.c.h; name = Connection.h; path = node/Connection.h; sourceTree = "<group>"; };
		211E167C6D84B224E0231D07 /* QtScript.framework */ = {isa = PBXFileReference; lastKnownFileType = wrapper.framework; name = QtScript.framework; path = /Library/Frameworks/QtScript.framework; sourceTree = "<absolute>"; };
		271F927DE1C2BFD1A55373C3 /* Node.cpp */ = {isa = PBXFileReference; lastKnownFileType = sourcecode.cpp.cpp; name = Node.cpp; path = node/Node.cpp; sourceTree = "<group>"; };
		27AE7A480FD6C52FCA80FECD /* ApplicationServices.framework */ = {isa = PBXFileReference; lastKnownFileType = wrapper.framework; name = ApplicationServices.framework; path = /System/Library/Frameworks/ApplicationServices.framework; sourceTree = "<absolute>"; };
		2EA0D9A71BCFC2932851E7D3 /* Parameter.cpp */ = {isa = PBXFileReference; lastKnownFileType = sourcecode.cpp.cpp; name = Parameter.cpp; path = node/Parameter.cpp; sourceTree = "<group>"; };
		479D0049275DF5DE561504A6 /* NodeLibraryManager.cpp */ = {isa = PBXFileReference; lastKnownFileType = sourcecode.cpp.cpp; name = NodeLibraryManager.cpp; path = node/NodeLibraryManager.cpp; sourceTree = "<group>"; };
		486F22363FD4AE4C8E0B4D21 /* NodeCoreGlobal.h */ = {isa = PBXFileReference; lastKnownFileType = sourcecode.c.h; path = NodeCoreGlobal.h; sourceTree = "<group>"; };
		52DDF3AACF0D936EB0AF034B /* OutputParameter.cpp */ = {isa = PBXFileReference; lastKnownFileType = sourcecode.cpp.cpp; name = OutputParameter.cpp; path = node/OutputParameter.cpp; sourceTree = "<group>"; };
		5A74336CB939ECC9CED79920 /* TypesHandler.h */ = {isa = PBXFileReference; lastKnownFileType = sourcecode.c.h; name = TypesHandler.h; path = node/TypesHandler.h; sourceTree = "<group>"; };
		6159CA930ECA0934008850A5 /* libNodeCore.dylib */ = {isa = PBXFileReference; explicitFileType = "compiled.mach-o.dylib"; includeInIndex = 0; path = libNodeCore.dylib; sourceTree = BUILT_PRODUCTS_DIR; };
		61B300E33D6E86F13DB91CF4 /* NodeCore.pro */ = {isa = PBXFileReference; lastKnownFileType = text; path = NodeCore.pro; sourceTree = "<group>"; };
		6E57205B38D9FA0C87E1F4EA /* ParameterType.cpp */ = {isa = PBXFileReference; lastKnownFileType = sourcecode.cpp.cpp; name = ParameterType.cpp; path = node/ParameterType.cpp; sourceTree = "<group>"; };
		705DE89B276F3B154367162C /* TypesHandler.cpp */ = {isa = PBXFileReference; lastKnownFileType = sourcecode.cpp.cpp; name = TypesHandler.cpp; path = node/TypesHandler.cpp; sourceTree = "<group>"; };
		7089F21D83978E05A54C0CA0 /* posixutils.cpp */ = {isa = PBXFileReference; lastKnownFileType = sourcecode.cpp.cpp; name = posixutils.cpp; path = node/posixutils.cpp; sourceTree = "<group>"; };
		79148DF72F7980B56A2611C1 /* NodeLibraryManager.h */ = {isa = PBXFileReference; lastKnownFileType = sourcecode.c.h; name = NodeLibraryManager.h; path = node/NodeLibraryManager.h; sourceTree = "<group>"; };
		7BC2E65A5E699A5E5D834CA2 /* QtCore.framework */ = {isa = PBXFileReference; lastKnownFileType = wrapper.framework; name = QtCore.framework; path = /Library/Frameworks/QtCore.framework; sourceTree = "<absolute>"; };
		84D106FC30279D3F41E8EDE7 /* moc_Node.cpp */ = {isa = PBXFileReference; lastKnownFileType = sourcecode.cpp.cpp; path = moc_Node.cpp; sourceTree = "<group>"; };
		8BA9EC4752434417691F5768 /* NodeType.cpp */ = {isa = PBXFileReference; lastKnownFileType = sourcecode.cpp.cpp; name = NodeType.cpp; path = node/NodeType.cpp; sourceTree = "<group>"; };
		8EE92F8FA333C9E415C5B34E /* QtXml.framework */ = {isa = PBXFileReference; lastKnownFileType = wrapper.framework; name = QtXml.framework; path = /Library/Frameworks/QtXml.framework; sourceTree = "<absolute>"; };
		961BE1403013094EC293F0BB /* moc_NodeLibraryManager.cpp */ = {isa = PBXFileReference; lastKnownFileType = sourcecode.cpp.cpp; path = moc_NodeLibraryManager.cpp; sourceTree = "<group>"; };
		9C5886C25B74AC3D04986BD8 /* NodeLibrary.h */ = {isa = PBXFileReference; lastKnownFileType = sourcecode.c.h; name = NodeLibrary.h; path = node/NodeLibrary.h; sourceTree = "<group>"; };
		9F0A4D06B17B3538CF007072 /* moc_Connection.cpp */ = {isa = PBXFileReference; lastKnownFileType = sourcecode.cpp.cpp; path = moc_Connection.cpp; sourceTree = "<group>"; };
		9F7D46358E73EA07C1389BB8 /* NodeLibraryVersion.h */ = {isa = PBXFileReference; lastKnownFileType = sourcecode.c.h; name = NodeLibraryVersion.h; path = node/NodeLibraryVersion.h; sourceTree = "<group>"; };
		A00525B76784BC192167B8C1 /* Parameter.h */ = {isa = PBXFileReference; lastKnownFileType = sourcecode.c.h; name = Parameter.h; path = node/Parameter.h; sourceTree = "<group>"; };
		AC28CE1F807C26308D3AFA30 /* Network.cpp */ = {isa = PBXFileReference; lastKnownFileType = sourcecode.cpp.cpp; name = Network.cpp; path = node/Network.cpp; sourceTree = "<group>"; };
		B68B68B763B98A6F8AF560FE /* moc_Parameter.cpp */ = {isa = PBXFileReference; lastKnownFileType = sourcecode.cpp.cpp; path = moc_Parameter.cpp; sourceTree = "<group>"; };
		C90E6F26BEC24AD72D9AD039 /* moc_Network.cpp */ = {isa = PBXFileReference; lastKnownFileType = sourcecode.cpp.cpp; path = moc_Network.cpp; sourceTree = "<group>"; };
		CC8FF03DBC7A394248EA242C /* moc_OutputParameter.cpp */ = {isa = PBXFileReference; lastKnownFileType = sourcecode.cpp.cpp; path = moc_OutputParameter.cpp; sourceTree = "<group>"; };
		CD227DABE627E7C0959ACE32 /* NodeLibraryVersion.cpp */ = {isa = PBXFileReference; lastKnownFileType = sourcecode.cpp.cpp; name = NodeLibraryVersion.cpp; path = node/NodeLibraryVersion.cpp; sourceTree = "<group>"; };
		D462FDC5F58607C5094A10B0 /* Connection.cpp */ = {isa = PBXFileReference; lastKnownFileType = sourcecode.cpp.cpp; name = Connection.cpp; path = node/Connection.cpp; sourceTree = "<group>"; };
		EE82E9963E04FDE61D001F29 /* moc_NodeLibrary.cpp */ = {isa = PBXFileReference; lastKnownFileType = sourcecode.cpp.cpp; path = moc_NodeLibrary.cpp; sourceTree = "<group>"; };
		F09CB15E3B4C0BB4F377886C /* NodeLibrary.cpp */ = {isa = PBXFileReference; lastKnownFileType = sourcecode.cpp.cpp; name = NodeLibrary.cpp; path = node/NodeLibrary.cpp; sourceTree = "<group>"; };
		F7A6232F779954BEF265F66F /* moc_NodeType.cpp */ = {isa = PBXFileReference; lastKnownFileType = sourcecode.cpp.cpp; path = moc_NodeType.cpp; sourceTree = "<group>"; };
		FC475CAA790ED789EBBEAD33 /* Network.h */ = {isa = PBXFileReference; lastKnownFileType = sourcecode.c.h; name = Network.h; path = node/Network.h; sourceTree = "<group>"; };
/* End PBXFileReference section */

/* Begin PBXFrameworksBuildPhase section */
		2A1043669E6E5A7426EA502A /* Frameworks & Libraries */ = {
			isa = PBXFrameworksBuildPhase;
			buildActionMask = 2147483647;
			files = (
				FA4EB477BC2C58FB0934CE07 /* QtScript.framework in Frameworks & Libraries */,
				C2643FEB592DBFD1429BE4E1 /* QtXml.framework in Frameworks & Libraries */,
				069D05B0128AE5DC7EE31738 /* QtCore.framework in Frameworks & Libraries */,
				F9E76E570E10AF14870553A7 /* ApplicationServices.framework in Frameworks & Libraries */,
			);
			name = "Frameworks & Libraries";
			runOnlyForDeploymentPostprocessing = 0;
		};
/* End PBXFrameworksBuildPhase section */

/* Begin PBXGroup section */
		05596AB53D8D521C69802C27 /* NodeCore */ = {
			isa = PBXGroup;
			children = (
				FB61758D0F0FDA4BA867C3D5 /* Sources */,
				46E892BBB6BB6952967E0561 /* Temporary Sources */,
				883D7615C4D2DE3FA1218F12 /* Headers */,
				7CABE3C80E79AD2B307756D2 /* Sources [qmake] */,
				ED1E82605DD74B483AF3C982 /* External Frameworks and Libraries */,
				6159CA940ECA0934008850A5 /* Products */,
			);
			name = NodeCore;
			sourceTree = "<group>";
		};
		1A2D8EA3B2D9B6F84A04B536 /* node */ = {
			isa = PBXGroup;
			children = (
				152722239486F1F849F6DF66 /* posixutils.h */,
				A00525B76784BC192167B8C1 /* Parameter.h */,
				79148DF72F7980B56A2611C1 /* NodeLibraryManager.h */,
				9C5886C25B74AC3D04986BD8 /* NodeLibrary.h */,
				06F57C4E81C45065549CA4C2 /* Node.h */,
				FC475CAA790ED789EBBEAD33 /* Network.h */,
				1CF94696C0D8BAF6FF45ADAF /* Connection.h */,
				06746FE4F88EAA9DBAE8975F /* ParameterType.h */,
				03A6E949324707B6C3B53E31 /* OutputParameter.h */,
				1BF221E67791AC6A3378E186 /* NodeType.h */,
				9F7D46358E73EA07C1389BB8 /* NodeLibraryVersion.h */,
				5A74336CB939ECC9CED79920 /* TypesHandler.h */,
			);
			name = node;
			sourceTree = "<group>";
		};
		38F36F90EED8A1040E181C38 /* node */ = {
			isa = PBXGroup;
			children = (
				7089F21D83978E05A54C0CA0 /* posixutils.cpp */,
				2EA0D9A71BCFC2932851E7D3 /* Parameter.cpp */,
				479D0049275DF5DE561504A6 /* NodeLibraryManager.cpp */,
				F09CB15E3B4C0BB4F377886C /* NodeLibrary.cpp */,
				271F927DE1C2BFD1A55373C3 /* Node.cpp */,
				AC28CE1F807C26308D3AFA30 /* Network.cpp */,
				D462FDC5F58607C5094A10B0 /* Connection.cpp */,
				8BA9EC4752434417691F5768 /* NodeType.cpp */,
				6E57205B38D9FA0C87E1F4EA /* ParameterType.cpp */,
				CD227DABE627E7C0959ACE32 /* NodeLibraryVersion.cpp */,
				705DE89B276F3B154367162C /* TypesHandler.cpp */,
				52DDF3AACF0D936EB0AF034B /* OutputParameter.cpp */,
			);
			name = node;
			sourceTree = "<group>";
		};
		46E892BBB6BB6952967E0561 /* Temporary Sources */ = {
			isa = PBXGroup;
			children = (
				B68B68B763B98A6F8AF560FE /* moc_Parameter.cpp */,
				961BE1403013094EC293F0BB /* moc_NodeLibraryManager.cpp */,
				EE82E9963E04FDE61D001F29 /* moc_NodeLibrary.cpp */,
				84D106FC30279D3F41E8EDE7 /* moc_Node.cpp */,
				C90E6F26BEC24AD72D9AD039 /* moc_Network.cpp */,
				9F0A4D06B17B3538CF007072 /* moc_Connection.cpp */,
				0FBFBE30AC0DBDAAD88DD744 /* moc_ParameterType.cpp */,
				CC8FF03DBC7A394248EA242C /* moc_OutputParameter.cpp */,
				F7A6232F779954BEF265F66F /* moc_NodeType.cpp */,
			);
			name = "Temporary Sources";
			sourceTree = "<group>";
		};
		6159CA940ECA0934008850A5 /* Products */ = {
			isa = PBXGroup;
			children = (
				6159CA930ECA0934008850A5 /* libNodeCore.dylib */,
			);
			name = Products;
			sourceTree = "<group>";
		};
		7CABE3C80E79AD2B307756D2 /* Sources [qmake] */ = {
			isa = PBXGroup;
			children = (
				61B300E33D6E86F13DB91CF4 /* NodeCore.pro */,
			);
			name = "Sources [qmake]";
			sourceTree = "<group>";
		};
		883D7615C4D2DE3FA1218F12 /* Headers */ = {
			isa = PBXGroup;
			children = (
				486F22363FD4AE4C8E0B4D21 /* NodeCoreGlobal.h */,
				1A2D8EA3B2D9B6F84A04B536 /* node */,
			);
			name = Headers;
			sourceTree = "<group>";
		};
		ED1E82605DD74B483AF3C982 /* External Frameworks and Libraries */ = {
			isa = PBXGroup;
			children = (
				211E167C6D84B224E0231D07 /* QtScript.framework */,
				8EE92F8FA333C9E415C5B34E /* QtXml.framework */,
				7BC2E65A5E699A5E5D834CA2 /* QtCore.framework */,
				27AE7A480FD6C52FCA80FECD /* ApplicationServices.framework */,
			);
			name = "External Frameworks and Libraries";
			sourceTree = "<group>";
		};
		FB61758D0F0FDA4BA867C3D5 /* Sources */ = {
			isa = PBXGroup;
			children = (
				38F36F90EED8A1040E181C38 /* node */,
			);
			name = Sources;
			sourceTree = "<group>";
		};
/* End PBXGroup section */

/* Begin PBXNativeTarget section */
		ABD58E197937E7651C9EC9B8 /* libNodeCore */ = {
			isa = PBXNativeTarget;
			buildConfigurationList = 6159CAAE0ECA094F008850A5 /* Build configuration list for PBXNativeTarget "libNodeCore" */;
			buildPhases = (
				D7BA7D76DAB5DD13389D6332 /* Qt Qmake */,
				A0A52A2ADF7A1E2A99738674 /* Qt Preprocessors */,
				F6069D5A5DA8AA28EDB8B3C6 /* Project Copy */,
				C29B8785722055ED95EF7B57 /* Build Sources */,
				2A1043669E6E5A7426EA502A /* Frameworks & Libraries */,
			);
			buildRules = (
			);
			dependencies = (
			);
			name = libNodeCore;
			productName = libNodeCore;
			productReference = 6159CA930ECA0934008850A5 /* libNodeCore.dylib */;
			productType = "com.apple.product-type.library.dynamic";
		};
/* End PBXNativeTarget section */

/* Begin PBXProject section */
		91B15E841AA80083484172DE /* Project object */ = {
			isa = PBXProject;
			buildConfigurationList = 2A951308CDB28F104D0A4BD2 /* Build configuration list for PBXProject "NodeCore" */;
			compatibilityVersion = "Xcode 2.4";
			hasScannedForEncodings = 1;
			mainGroup = 05596AB53D8D521C69802C27 /* NodeCore */;
			productRefGroup = 6159CA940ECA0934008850A5 /* Products */;
			projectDirPath = "";
			projectRoot = "";
			targets = (
				ABD58E197937E7651C9EC9B8 /* libNodeCore */,
			);
		};
/* End PBXProject section */

/* Begin PBXShellScriptBuildPhase section */
		A0A52A2ADF7A1E2A99738674 /* Qt Preprocessors */ = {
			isa = PBXShellScriptBuildPhase;
			buildActionMask = 2147483647;
			files = (
			);
			name = "Qt Preprocessors";
			runOnlyForDeploymentPostprocessing = 0;
			shellPath = /bin/sh;
			shellScript = "make -C /Users/fdb/Projects/nodebox2/NodeCore -f NodeCore.xcodeproj/qt_preprocess.mak";
		};
		D7BA7D76DAB5DD13389D6332 /* Qt Qmake */ = {
			isa = PBXShellScriptBuildPhase;
			buildActionMask = 2147483647;
			files = (
			);
			name = "Qt Qmake";
			runOnlyForDeploymentPostprocessing = 0;
			shellPath = /bin/sh;
			shellScript = "make -C /Users/fdb/Projects/nodebox2/NodeCore -f NodeCore.xcodeproj/qt_makeqmake.mak";
		};
/* End PBXShellScriptBuildPhase section */

/* Begin PBXSourcesBuildPhase section */
		C29B8785722055ED95EF7B57 /* Build Sources */ = {
			isa = PBXSourcesBuildPhase;
			buildActionMask = 2147483647;
			files = (
				ACBB61093F127622ACD507EC /* posixutils.cpp in Build Sources */,
				344BAA9609E60D5136D7F5AE /* Parameter.cpp in Build Sources */,
				029F25C65050335D3CD9A860 /* NodeLibraryManager.cpp in Build Sources */,
				A66690F57D2E691CB6371F4C /* NodeLibrary.cpp in Build Sources */,
				8C83B5A1AC69C985994B563D /* Node.cpp in Build Sources */,
				4FD7D5D32FE9BAAE17AE2453 /* Network.cpp in Build Sources */,
				B557BCE0C6EF0BDC35561DD2 /* Connection.cpp in Build Sources */,
				165BB658F8091A455D0D2FBD /* NodeType.cpp in Build Sources */,
				50E6FEE9D7D53ED58DB8C748 /* ParameterType.cpp in Build Sources */,
				93723DC9089F9946EF6C42CB /* NodeLibraryVersion.cpp in Build Sources */,
				628E07F0740EFC9A5DC7A297 /* TypesHandler.cpp in Build Sources */,
				A8C499012FEA31706393098F /* OutputParameter.cpp in Build Sources */,
				B182B18C810199623B2388B2 /* moc_Parameter.cpp in Build Sources */,
				0D05B8C66330F73F89F4E7AF /* moc_NodeLibraryManager.cpp in Build Sources */,
				39E0248E5F349943BD0AEA88 /* moc_NodeLibrary.cpp in Build Sources */,
				B2895BFB317D9D0E49E2304A /* moc_Node.cpp in Build Sources */,
				3CC6E237CE0D1D1DDA25D6BA /* moc_Network.cpp in Build Sources */,
				9FE28B69FC86DE02F2703D6B /* moc_Connection.cpp in Build Sources */,
				023B1D1CBF17DC3D28438A71 /* moc_ParameterType.cpp in Build Sources */,
				D4C50667688F7C41A74D41AC /* moc_OutputParameter.cpp in Build Sources */,
				39483BA668E9F472F5ADE2BB /* moc_NodeType.cpp in Build Sources */,
			);
			name = "Build Sources";
			runOnlyForDeploymentPostprocessing = 0;
		};
/* End PBXSourcesBuildPhase section */

/* Begin XCBuildConfiguration section */
		6159CAA10ECA0934008850A5 /* Debug */ = {
			isa = XCBuildConfiguration;
			buildSettings = {
				BUILD_ROOT = /Users/fdb/Projects/nodebox2/NodeCore;
				COPY_PHASE_STRIP = NO;
				DYLIB_COMPATIBILITY_VERSION = 1.0;
				DYLIB_CURRENT_VERSION = 1.0.0;
				GCC_GENERATE_DEBUGGING_SYMBOLS = YES;
				GCC_OPTIMIZATION_LEVEL = 0;
				HEADER_SEARCH_PATHS = (
					/Library/Frameworks/QtCore.framework/Versions/4/Headers,
					/usr/include/QtCore,
					/Library/Frameworks/QtXml.framework/Versions/4/Headers,
					/usr/include/QtXml,
					/Library/Frameworks/QtScript.framework/Versions/4/Headers,
					/usr/include/QtScript,
					/usr/include,
					.,
					.,
					/usr/local/include,
					/System/Library/Frameworks/CarbonCore.framework/Headers,
					"/usr/local/Qt4.4/mkspecs/macx-xcode",
				);
				INSTALL_PATH = "";
				LEXFLAGS = "";
				LIBRARY_SEARCH_PATHS = (
					/Library/Frameworks,
					/System/Library/Frameworks/,
				);
				LIBRARY_STYLE = DYNAMIC;
				MACH_O_TYPE = mh_dylib;
				MACOSX_DEPLOYMENT_TARGET = 10.3;
				OTHER_CFLAGS = (
					"-pipe",
					"-g",
					"-Wall",
					"-W",
					"-fPIC",
					"-DNODECORE_LIBRARY",
					"-DQT_SCRIPT_LIB",
					"-DQT_XML_LIB",
					"-DQT_CORE_LIB",
					"-DQT_SHARED",
				);
				OTHER_CPLUSPLUSFLAGS = (
					"-pipe",
					"-g",
					"-Wall",
					"-W",
					"-fPIC",
					"-DNODECORE_LIBRARY",
					"-DQT_SCRIPT_LIB",
					"-DQT_XML_LIB",
					"-DQT_CORE_LIB",
					"-DQT_SHARED",
				);
				OTHER_LDFLAGS = (
					"-headerpad_max_install_names",
					"-single_module",
					"-dynamiclib",
					"-L/Library/Frameworks",
					"-F/Library/Frameworks",
					"-lz",
					"-lm",
				);
				OTHER_REZFLAGS = "";
				PREBINDING = NO;
				PRODUCT_NAME = libNodeCore;
				SECTORDER_FLAGS = "";
				WARNING_CFLAGS = "";
				YACCFLAGS = "-d";
			};
			name = Debug;
		};
		6159CAA20ECA0934008850A5 /* Release */ = {
			isa = XCBuildConfiguration;
			buildSettings = {
				BUILD_ROOT = /Users/fdb/Projects/nodebox2/NodeCore;
				COPY_PHASE_STRIP = YES;
				DYLIB_COMPATIBILITY_VERSION = 1.0;
				DYLIB_CURRENT_VERSION = 1.0.0;
				GCC_GENERATE_DEBUGGING_SYMBOLS = NO;
				HEADER_SEARCH_PATHS = (
					/Library/Frameworks/QtCore.framework/Versions/4/Headers,
					/usr/include/QtCore,
					/Library/Frameworks/QtXml.framework/Versions/4/Headers,
					/usr/include/QtXml,
					/Library/Frameworks/QtScript.framework/Versions/4/Headers,
					/usr/include/QtScript,
					/usr/include,
					.,
					.,
					/usr/local/include,
					/System/Library/Frameworks/CarbonCore.framework/Headers,
					"/usr/local/Qt4.4/mkspecs/macx-xcode",
				);
				INSTALL_PATH = "";
				LEXFLAGS = "";
				LIBRARY_SEARCH_PATHS = (
					/Library/Frameworks,
					/System/Library/Frameworks/,
				);
				LIBRARY_STYLE = DYNAMIC;
				MACH_O_TYPE = mh_dylib;
				MACOSX_DEPLOYMENT_TARGET = 10.3;
				OTHER_CFLAGS = (
					"-pipe",
					"-g",
					"-Wall",
					"-W",
					"-fPIC",
					"-DNODECORE_LIBRARY",
					"-DQT_SCRIPT_LIB",
					"-DQT_XML_LIB",
					"-DQT_CORE_LIB",
					"-DQT_SHARED",
				);
				OTHER_CPLUSPLUSFLAGS = (
					"-pipe",
					"-g",
					"-Wall",
					"-W",
					"-fPIC",
					"-DNODECORE_LIBRARY",
					"-DQT_SCRIPT_LIB",
					"-DQT_XML_LIB",
					"-DQT_CORE_LIB",
					"-DQT_SHARED",
				);
				OTHER_LDFLAGS = (
					"-headerpad_max_install_names",
					"-single_module",
					"-dynamiclib",
					"-L/Library/Frameworks",
					"-F/Library/Frameworks",
					"-lz",
					"-lm",
				);
				OTHER_REZFLAGS = "";
				PREBINDING = NO;
				PRODUCT_NAME = libNodeCore;
				SECTORDER_FLAGS = "";
				WARNING_CFLAGS = "";
				YACCFLAGS = "-d";
			};
			name = Release;
		};
		6159CAA30ECA0934008850A5 /* Default */ = {
			isa = XCBuildConfiguration;
			buildSettings = {
				BUILD_ROOT = /Users/fdb/Projects/nodebox2/NodeCore;
				DYLIB_COMPATIBILITY_VERSION = 1.0;
				DYLIB_CURRENT_VERSION = 1.0.0;
				HEADER_SEARCH_PATHS = (
					/Library/Frameworks/QtCore.framework/Versions/4/Headers,
					/usr/include/QtCore,
					/Library/Frameworks/QtXml.framework/Versions/4/Headers,
					/usr/include/QtXml,
					/Library/Frameworks/QtScript.framework/Versions/4/Headers,
					/usr/include/QtScript,
					/usr/include,
					.,
					.,
					/usr/local/include,
					/System/Library/Frameworks/CarbonCore.framework/Headers,
					"/usr/local/Qt4.4/mkspecs/macx-xcode",
				);
				INSTALL_PATH = "";
				LEXFLAGS = "";
				LIBRARY_SEARCH_PATHS = (
					/Library/Frameworks,
					/System/Library/Frameworks/,
				);
				LIBRARY_STYLE = DYNAMIC;
				MACH_O_TYPE = mh_dylib;
				MACOSX_DEPLOYMENT_TARGET = 10.3;
				OTHER_CFLAGS = (
					"-pipe",
					"-g",
					"-Wall",
					"-W",
					"-fPIC",
					"-DNODECORE_LIBRARY",
					"-DQT_SCRIPT_LIB",
					"-DQT_XML_LIB",
					"-DQT_CORE_LIB",
					"-DQT_SHARED",
				);
				OTHER_CPLUSPLUSFLAGS = (
					"-pipe",
					"-g",
					"-Wall",
					"-W",
					"-fPIC",
					"-DNODECORE_LIBRARY",
					"-DQT_SCRIPT_LIB",
					"-DQT_XML_LIB",
					"-DQT_CORE_LIB",
					"-DQT_SHARED",
				);
				OTHER_LDFLAGS = (
					"-headerpad_max_install_names",
					"-single_module",
					"-dynamiclib",
					"-L/Library/Frameworks",
					"-F/Library/Frameworks",
					"-lz",
					"-lm",
				);
				OTHER_REZFLAGS = "";
				PREBINDING = NO;
				PRODUCT_NAME = libNodeCore;
				SECTORDER_FLAGS = "";
				WARNING_CFLAGS = "";
				YACCFLAGS = "-d";
			};
			name = Default;
		};
		8DB1DD96F65B1BF1FFC506E0 /* Debug */ = {
			isa = XCBuildConfiguration;
			buildSettings = {
				COPY_PHASE_STRIP = NO;
				GCC_GENERATE_DEBUGGING_SYMBOLS = YES;
				GCC_OPTIMIZATION_LEVEL = 0;
			};
			name = Debug;
		};
		95E1EB2E5DDD587BE5B3E548 /* Release */ = {
			isa = XCBuildConfiguration;
			buildSettings = {
				COPY_PHASE_STRIP = YES;
				GCC_GENERATE_DEBUGGING_SYMBOLS = NO;
			};
			name = Release;
		};
/* End XCBuildConfiguration section */

/* Begin XCConfigurationList section */
		2A951308CDB28F104D0A4BD2 /* Build configuration list for PBXProject "NodeCore" */ = {
			isa = XCConfigurationList;
			buildConfigurations = (
				8DB1DD96F65B1BF1FFC506E0 /* Debug */,
				95E1EB2E5DDD587BE5B3E548 /* Release */,
			);
			defaultConfigurationIsVisible = 0;
			defaultConfigurationName = Release;
		};
		6159CAAE0ECA094F008850A5 /* Build configuration list for PBXNativeTarget "libNodeCore" */ = {
			isa = XCConfigurationList;
			buildConfigurations = (
				6159CAA10ECA0934008850A5 /* Debug */,
				6159CAA20ECA0934008850A5 /* Release */,
				6159CAA30ECA0934008850A5 /* Default */,
			);
			defaultConfigurationIsVisible = 0;
			defaultConfigurationName = Default;
		};
/* End XCConfigurationList section */
	};
	rootObject = 91B15E841AA80083484172DE /* Project object */;
}
